{
  "version": 4,
  "terraform_version": "0.13.2",
  "serial": 134,
  "lineage": "832e1e97-70c1-19d5-0494-9c9e3927b998",
  "outputs": {
    "lb_dns_name": {
      "value": "blue-green-dcelfqiaowmzt-lb-1585868930.us-west-2.elb.amazonaws.com",
      "type": "string"
    }
  },
  "resources": [
    {
      "module": "module.base",
      "mode": "data",
      "type": "aws_availability_zones",
      "name": "available",
      "provider": "provider[\"registry.terraform.io/hashicorp/aws\"]",
      "instances": [
        {
          "schema_version": 0,
          "attributes": {
            "all_availability_zones": null,
            "exclude_names": null,
            "exclude_zone_ids": null,
            "filter": null,
            "group_names": [
              "us-west-2"
            ],
            "id": "2020-10-05 00:23:56.615518 +0000 UTC",
            "names": [
              "us-west-2a",
              "us-west-2b",
              "us-west-2c",
              "us-west-2d"
            ],
            "state": null,
            "zone_ids": [
              "usw2-az1",
              "usw2-az2",
              "usw2-az3",
              "usw2-az4"
            ]
          }
        }
      ]
    },
    {
      "module": "module.base",
      "mode": "managed",
      "type": "aws_lb",
      "name": "lb",
      "provider": "provider[\"registry.terraform.io/hashicorp/aws\"]",
      "instances": [
        {
          "schema_version": 0,
          "attributes": {
            "access_logs": [
              {
                "bucket": "",
                "enabled": false,
                "prefix": ""
              }
            ],
            "arn": "arn:aws:elasticloadbalancing:us-west-2:439800815305:loadbalancer/app/blue-green-dcelfqiaowmzt-lb/78492f03e3545778",
            "arn_suffix": "app/blue-green-dcelfqiaowmzt-lb/78492f03e3545778",
            "customer_owned_ipv4_pool": "",
            "dns_name": "blue-green-dcelfqiaowmzt-lb-1585868930.us-west-2.elb.amazonaws.com",
            "drop_invalid_header_fields": false,
            "enable_cross_zone_load_balancing": null,
            "enable_deletion_protection": false,
            "enable_http2": true,
            "id": "arn:aws:elasticloadbalancing:us-west-2:439800815305:loadbalancer/app/blue-green-dcelfqiaowmzt-lb/78492f03e3545778",
            "idle_timeout": 60,
            "internal": false,
            "ip_address_type": "ipv4",
            "load_balancer_type": "application",
            "name": "blue-green-dcelfqiaowmzt-lb",
            "name_prefix": null,
            "security_groups": [
              "sg-076f2b1344f35df63"
            ],
            "subnet_mapping": [
              {
                "allocation_id": "",
                "outpost_id": "",
                "private_ipv4_address": "",
                "subnet_id": "subnet-07d0e355cd4655c9a"
              },
              {
                "allocation_id": "",
                "outpost_id": "",
                "private_ipv4_address": "",
                "subnet_id": "subnet-09703c6f9e5c52a39"
              },
              {
                "allocation_id": "",
                "outpost_id": "",
                "private_ipv4_address": "",
                "subnet_id": "subnet-09cbeb85d2db4b59c"
              }
            ],
            "subnets": [
              "subnet-07d0e355cd4655c9a",
              "subnet-09703c6f9e5c52a39",
              "subnet-09cbeb85d2db4b59c"
            ],
            "tags": {
              "ResourceGroup": "blue-green-dcelfqiaowmzt"
            },
            "timeouts": null,
            "vpc_id": "vpc-01762c1308d0fcb61",
            "zone_id": "Z1H1FL5HABSF5"
          },
          "private": "eyJlMmJmYjczMC1lY2FhLTExZTYtOGY4OC0zNDM2M2JjN2M0YzAiOnsiY3JlYXRlIjo2MDAwMDAwMDAwMDAsImRlbGV0ZSI6NjAwMDAwMDAwMDAwLCJ1cGRhdGUiOjYwMDAwMDAwMDAwMH19",
          "dependencies": [
            "module.base.data.aws_availability_zones.available",
            "module.base.module.lb_sg.aws_security_group.security_group",
            "module.base.module.vpc.aws_subnet.public",
            "module.base.module.vpc.aws_vpc.this",
            "module.base.module.vpc.aws_vpc_ipv4_cidr_block_association.this",
            "module.base.random_string.rand"
          ]
        }
      ]
    },
    {
      "module": "module.base",
      "mode": "managed",
      "type": "aws_lb_listener",
      "name": "lb_listener",
      "provider": "provider[\"registry.terraform.io/hashicorp/aws\"]",
      "instances": [
        {
          "schema_version": 0,
          "attributes": {
            "arn": "arn:aws:elasticloadbalancing:us-west-2:439800815305:listener/app/blue-green-dcelfqiaowmzt-lb/78492f03e3545778/cf769c5a434c79b2",
            "certificate_arn": null,
            "default_action": [
              {
                "authenticate_cognito": [],
                "authenticate_oidc": [],
                "fixed_response": [],
                "forward": [],
                "order": 1,
                "redirect": [],
                "target_group_arn": "arn:aws:elasticloadbalancing:us-west-2:439800815305:targetgroup/blue-green-dcelfqiaowmzt-blue/2ab23561ca02d40a",
                "type": "forward"
              }
            ],
            "id": "arn:aws:elasticloadbalancing:us-west-2:439800815305:listener/app/blue-green-dcelfqiaowmzt-lb/78492f03e3545778/cf769c5a434c79b2",
            "load_balancer_arn": "arn:aws:elasticloadbalancing:us-west-2:439800815305:loadbalancer/app/blue-green-dcelfqiaowmzt-lb/78492f03e3545778",
            "port": 80,
            "protocol": "HTTP",
            "ssl_policy": "",
            "timeouts": null
          },
          "private": "eyJlMmJmYjczMC1lY2FhLTExZTYtOGY4OC0zNDM2M2JjN2M0YzAiOnsicmVhZCI6NjAwMDAwMDAwMDAwfX0=",
          "dependencies": [
            "module.base.aws_lb.lb",
            "module.base.aws_lb_target_group.blue_target_group",
            "module.base.aws_lb_target_group.green_target_group"
          ]
        }
      ]
    },
    {
      "module": "module.base",
      "mode": "managed",
      "type": "aws_lb_listener_rule",
      "name": "lb_listener_rule",
      "provider": "provider[\"registry.terraform.io/hashicorp/aws\"]",
      "instances": [
        {
          "schema_version": 0,
          "attributes": {
            "action": [
              {
                "authenticate_cognito": [],
                "authenticate_oidc": [],
                "fixed_response": [],
                "forward": [],
                "order": 1,
                "redirect": [],
                "target_group_arn": "arn:aws:elasticloadbalancing:us-west-2:439800815305:targetgroup/blue-green-dcelfqiaowmzt-green/2b44e8ccd83ac8af",
                "type": "forward"
              }
            ],
            "arn": "arn:aws:elasticloadbalancing:us-west-2:439800815305:listener-rule/app/blue-green-dcelfqiaowmzt-lb/78492f03e3545778/cf769c5a434c79b2/9b26f492cb5e437e",
            "condition": [
              {
                "host_header": [],
                "http_header": [],
                "http_request_method": [],
                "path_pattern": [
                  {
                    "values": [
                      "/stg/*"
                    ]
                  }
                ],
                "query_string": [],
                "source_ip": []
              }
            ],
            "id": "arn:aws:elasticloadbalancing:us-west-2:439800815305:listener-rule/app/blue-green-dcelfqiaowmzt-lb/78492f03e3545778/cf769c5a434c79b2/9b26f492cb5e437e",
            "listener_arn": "arn:aws:elasticloadbalancing:us-west-2:439800815305:listener/app/blue-green-dcelfqiaowmzt-lb/78492f03e3545778/cf769c5a434c79b2",
            "priority": 100
          },
          "private": "bnVsbA==",
          "dependencies": [
            "module.base.aws_lb.lb",
            "module.base.aws_lb_listener.lb_listener",
            "module.base.aws_lb_target_group.blue_target_group",
            "module.base.aws_lb_target_group.green_target_group"
          ]
        }
      ]
    },
    {
      "module": "module.base",
      "mode": "managed",
      "type": "aws_lb_target_group",
      "name": "blue_target_group",
      "provider": "provider[\"registry.terraform.io/hashicorp/aws\"]",
      "instances": [
        {
          "schema_version": 0,
          "attributes": {
            "arn": "arn:aws:elasticloadbalancing:us-west-2:439800815305:targetgroup/blue-green-dcelfqiaowmzt-blue/2ab23561ca02d40a",
            "arn_suffix": "targetgroup/blue-green-dcelfqiaowmzt-blue/2ab23561ca02d40a",
            "deregistration_delay": 300,
            "health_check": [
              {
                "enabled": true,
                "healthy_threshold": 5,
                "interval": 30,
                "matcher": "200",
                "path": "/",
                "port": "traffic-port",
                "protocol": "HTTP",
                "timeout": 5,
                "unhealthy_threshold": 2
              }
            ],
            "id": "arn:aws:elasticloadbalancing:us-west-2:439800815305:targetgroup/blue-green-dcelfqiaowmzt-blue/2ab23561ca02d40a",
            "lambda_multi_value_headers_enabled": false,
            "load_balancing_algorithm_type": "round_robin",
            "name": "blue-green-dcelfqiaowmzt-blue",
            "name_prefix": null,
            "port": 8080,
            "protocol": "HTTP",
            "proxy_protocol_v2": false,
            "slow_start": 0,
            "stickiness": [
              {
                "cookie_duration": 86400,
                "enabled": false,
                "type": "lb_cookie"
              }
            ],
            "tags": {
              "ResourceGroup": "blue-green-dcelfqiaowmzt"
            },
            "target_type": "instance",
            "vpc_id": "vpc-01762c1308d0fcb61"
          },
          "private": "bnVsbA==",
          "dependencies": [
            "module.base.module.vpc.aws_vpc.this",
            "module.base.random_string.rand"
          ]
        }
      ]
    },
    {
      "module": "module.base",
      "mode": "managed",
      "type": "aws_lb_target_group",
      "name": "green_target_group",
      "provider": "provider[\"registry.terraform.io/hashicorp/aws\"]",
      "instances": [
        {
          "schema_version": 0,
          "attributes": {
            "arn": "arn:aws:elasticloadbalancing:us-west-2:439800815305:targetgroup/blue-green-dcelfqiaowmzt-green/2b44e8ccd83ac8af",
            "arn_suffix": "targetgroup/blue-green-dcelfqiaowmzt-green/2b44e8ccd83ac8af",
            "deregistration_delay": 300,
            "health_check": [
              {
                "enabled": true,
                "healthy_threshold": 5,
                "interval": 30,
                "matcher": "200",
                "path": "/",
                "port": "traffic-port",
                "protocol": "HTTP",
                "timeout": 5,
                "unhealthy_threshold": 2
              }
            ],
            "id": "arn:aws:elasticloadbalancing:us-west-2:439800815305:targetgroup/blue-green-dcelfqiaowmzt-green/2b44e8ccd83ac8af",
            "lambda_multi_value_headers_enabled": false,
            "load_balancing_algorithm_type": "round_robin",
            "name": "blue-green-dcelfqiaowmzt-green",
            "name_prefix": null,
            "port": 8080,
            "protocol": "HTTP",
            "proxy_protocol_v2": false,
            "slow_start": 0,
            "stickiness": [
              {
                "cookie_duration": 86400,
                "enabled": false,
                "type": "lb_cookie"
              }
            ],
            "tags": {
              "ResourceGroup": "blue-green-dcelfqiaowmzt"
            },
            "target_type": "instance",
            "vpc_id": "vpc-01762c1308d0fcb61"
          },
          "private": "bnVsbA==",
          "dependencies": [
            "module.base.module.vpc.aws_vpc.this",
            "module.base.random_string.rand"
          ]
        }
      ]
    },
    {
      "module": "module.base",
      "mode": "managed",
      "type": "aws_resourcegroups_group",
      "name": "resourcegroups_group",
      "provider": "provider[\"registry.terraform.io/hashicorp/aws\"]",
      "instances": [
        {
          "schema_version": 0,
          "attributes": {
            "arn": "arn:aws:resource-groups:us-west-2:439800815305:group/blue-green-dcelfqiaowmzt-group",
            "description": "",
            "id": "blue-green-dcelfqiaowmzt-group",
            "name": "blue-green-dcelfqiaowmzt-group",
            "resource_query": [
              {
                "query": "{\n  \"ResourceTypeFilters\": [\n    \"AWS::AllSupported\"\n  ],\n  \"TagFilters\": [\n    {\n      \"Key\": \"ResourceGroup\",\n      \"Values\": [\"blue-green-dcelfqiaowmzt\"]\n    }\n  ]\n}\n",
                "type": "TAG_FILTERS_1_0"
              }
            ],
            "tags": {}
          },
          "private": "bnVsbA==",
          "dependencies": [
            "module.base.random_string.rand"
          ]
        }
      ]
    },
    {
      "module": "module.base",
      "mode": "managed",
      "type": "random_string",
      "name": "rand",
      "provider": "provider[\"registry.terraform.io/hashicorp/random\"]",
      "instances": [
        {
          "schema_version": 1,
          "attributes": {
            "id": "dcelfqiaowmzt9c629m8lbxn",
            "keepers": null,
            "length": 24,
            "lower": true,
            "min_lower": 0,
            "min_numeric": 0,
            "min_special": 0,
            "min_upper": 0,
            "number": true,
            "override_special": null,
            "result": "dcelfqiaowmzt9c629m8lbxn",
            "special": false,
            "upper": false
          },
          "private": "eyJzY2hlbWFfdmVyc2lvbiI6IjEifQ=="
        }
      ]
    },
    {
      "module": "module.base.module.lb_sg",
      "mode": "managed",
      "type": "aws_security_group",
      "name": "security_group",
      "provider": "provider[\"registry.terraform.io/hashicorp/aws\"]",
      "instances": [
        {
          "schema_version": 1,
          "attributes": {
            "arn": "arn:aws:ec2:us-west-2:439800815305:security-group/sg-076f2b1344f35df63",
            "description": "Managed by Terraform",
            "egress": [
              {
                "cidr_blocks": [
                  "0.0.0.0/0"
                ],
                "description": "",
                "from_port": 0,
                "ipv6_cidr_blocks": [],
                "prefix_list_ids": [],
                "protocol": "-1",
                "security_groups": [],
                "self": false,
                "to_port": 0
              }
            ],
            "id": "sg-076f2b1344f35df63",
            "ingress": [
              {
                "cidr_blocks": [
                  "0.0.0.0/0"
                ],
                "description": "",
                "from_port": 80,
                "ipv6_cidr_blocks": [],
                "prefix_list_ids": [],
                "protocol": "tcp",
                "security_groups": [],
                "self": false,
                "to_port": 80
              },
              {
                "cidr_blocks": [],
                "description": "",
                "from_port": 0,
                "ipv6_cidr_blocks": [],
                "prefix_list_ids": [],
                "protocol": "-1",
                "security_groups": [],
                "self": true,
                "to_port": 0
              }
            ],
            "name": "terraform-20201005001931077900000007",
            "name_prefix": "",
            "owner_id": "439800815305",
            "revoke_rules_on_delete": false,
            "tags": {},
            "timeouts": null,
            "vpc_id": "vpc-01762c1308d0fcb61"
          },
          "private": "eyJlMmJmYjczMC1lY2FhLTExZTYtOGY4OC0zNDM2M2JjN2M0YzAiOnsiY3JlYXRlIjo2MDAwMDAwMDAwMDAsImRlbGV0ZSI6NjAwMDAwMDAwMDAwfSwic2NoZW1hX3ZlcnNpb24iOiIxIn0=",
          "dependencies": [
            "module.base.module.vpc.aws_vpc.this",
            "module.base.random_string.rand"
          ]
        }
      ]
    },
    {
      "module": "module.base.module.vpc",
      "mode": "managed",
      "type": "aws_eip",
      "name": "nat",
      "provider": "provider[\"registry.terraform.io/hashicorp/aws\"]",
      "instances": [
        {
          "index_key": 0,
          "schema_version": 0,
          "attributes": {
            "allocation_id": null,
            "associate_with_private_ip": null,
            "association_id": "eipassoc-06ce3658c65dab566",
            "customer_owned_ip": "",
            "customer_owned_ipv4_pool": "",
            "domain": "vpc",
            "id": "eipalloc-0c704d48cd32feaf2",
            "instance": "",
            "network_interface": "eni-0e93e6244ef5a37d5",
            "private_dns": "ip-10-0-101-204.us-west-2.compute.internal",
            "private_ip": "10.0.101.204",
            "public_dns": "ec2-44-237-16-89.us-west-2.compute.amazonaws.com",
            "public_ip": "44.237.16.89",
            "public_ipv4_pool": "amazon",
            "tags": {
              "Name": "blue-green-dcelfqiaowmzt-vpc-us-west-2a"
            },
            "timeouts": null,
            "vpc": true
          },
          "private": "eyJlMmJmYjczMC1lY2FhLTExZTYtOGY4OC0zNDM2M2JjN2M0YzAiOnsiZGVsZXRlIjoxODAwMDAwMDAwMDAsInJlYWQiOjkwMDAwMDAwMDAwMCwidXBkYXRlIjozMDAwMDAwMDAwMDB9fQ==",
          "dependencies": [
            "module.base.data.aws_availability_zones.available",
            "module.base.random_string.rand"
          ]
        }
      ]
    },
    {
      "module": "module.base.module.vpc",
      "mode": "managed",
      "type": "aws_internet_gateway",
      "name": "this",
      "provider": "provider[\"registry.terraform.io/hashicorp/aws\"]",
      "instances": [
        {
          "index_key": 0,
          "schema_version": 0,
          "attributes": {
            "arn": "arn:aws:ec2:us-west-2:439800815305:internet-gateway/igw-0ae567b3e159005c3",
            "id": "igw-0ae567b3e159005c3",
            "owner_id": "439800815305",
            "tags": {
              "Name": "blue-green-dcelfqiaowmzt-vpc"
            },
            "vpc_id": "vpc-01762c1308d0fcb61"
          },
          "private": "bnVsbA==",
          "dependencies": [
            "module.base.module.vpc.aws_vpc.this",
            "module.base.module.vpc.aws_vpc_ipv4_cidr_block_association.this",
            "module.base.random_string.rand"
          ]
        }
      ]
    },
    {
      "module": "module.base.module.vpc",
      "mode": "managed",
      "type": "aws_nat_gateway",
      "name": "this",
      "provider": "provider[\"registry.terraform.io/hashicorp/aws\"]",
      "instances": [
        {
          "index_key": 0,
          "schema_version": 0,
          "attributes": {
            "allocation_id": "eipalloc-0c704d48cd32feaf2",
            "id": "nat-0c5547d442adecaa2",
            "network_interface_id": "eni-0e93e6244ef5a37d5",
            "private_ip": "10.0.101.204",
            "public_ip": "44.237.16.89",
            "subnet_id": "subnet-07d0e355cd4655c9a",
            "tags": {
              "Name": "blue-green-dcelfqiaowmzt-vpc-us-west-2a"
            }
          },
          "private": "bnVsbA==",
          "dependencies": [
            "module.base.data.aws_availability_zones.available",
            "module.base.module.vpc.aws_eip.nat",
            "module.base.module.vpc.aws_internet_gateway.this",
            "module.base.module.vpc.aws_subnet.public",
            "module.base.module.vpc.aws_vpc.this",
            "module.base.module.vpc.aws_vpc_ipv4_cidr_block_association.this",
            "module.base.random_string.rand"
          ]
        }
      ]
    },
    {
      "module": "module.base.module.vpc",
      "mode": "managed",
      "type": "aws_route",
      "name": "private_nat_gateway",
      "provider": "provider[\"registry.terraform.io/hashicorp/aws\"]",
      "instances": [
        {
          "index_key": 0,
          "schema_version": 0,
          "attributes": {
            "destination_cidr_block": "0.0.0.0/0",
            "destination_ipv6_cidr_block": "",
            "destination_prefix_list_id": "",
            "egress_only_gateway_id": "",
            "gateway_id": "",
            "id": "r-rtb-02b0fbce2f3cea75d1080289494",
            "instance_id": "",
            "instance_owner_id": "",
            "local_gateway_id": "",
            "nat_gateway_id": "nat-0c5547d442adecaa2",
            "network_interface_id": "",
            "origin": "CreateRoute",
            "route_table_id": "rtb-02b0fbce2f3cea75d",
            "state": "active",
            "timeouts": {
              "create": "5m",
              "delete": null
            },
            "transit_gateway_id": "",
            "vpc_peering_connection_id": ""
          },
          "private": "eyJlMmJmYjczMC1lY2FhLTExZTYtOGY4OC0zNDM2M2JjN2M0YzAiOnsiY3JlYXRlIjozMDAwMDAwMDAwMDAsImRlbGV0ZSI6MzAwMDAwMDAwMDAwfX0=",
          "dependencies": [
            "module.base.data.aws_availability_zones.available",
            "module.base.module.vpc.aws_eip.nat",
            "module.base.module.vpc.aws_internet_gateway.this",
            "module.base.module.vpc.aws_nat_gateway.this",
            "module.base.module.vpc.aws_route_table.private",
            "module.base.module.vpc.aws_subnet.public",
            "module.base.module.vpc.aws_vpc.this",
            "module.base.module.vpc.aws_vpc_ipv4_cidr_block_association.this",
            "module.base.random_string.rand"
          ]
        }
      ]
    },
    {
      "module": "module.base.module.vpc",
      "mode": "managed",
      "type": "aws_route",
      "name": "public_internet_gateway",
      "provider": "provider[\"registry.terraform.io/hashicorp/aws\"]",
      "instances": [
        {
          "index_key": 0,
          "schema_version": 0,
          "attributes": {
            "destination_cidr_block": "0.0.0.0/0",
            "destination_ipv6_cidr_block": "",
            "destination_prefix_list_id": "",
            "egress_only_gateway_id": "",
            "gateway_id": "igw-0ae567b3e159005c3",
            "id": "r-rtb-090a0918262e2b1d31080289494",
            "instance_id": "",
            "instance_owner_id": "",
            "local_gateway_id": "",
            "nat_gateway_id": "",
            "network_interface_id": "",
            "origin": "CreateRoute",
            "route_table_id": "rtb-090a0918262e2b1d3",
            "state": "active",
            "timeouts": {
              "create": "5m",
              "delete": null
            },
            "transit_gateway_id": "",
            "vpc_peering_connection_id": ""
          },
          "private": "eyJlMmJmYjczMC1lY2FhLTExZTYtOGY4OC0zNDM2M2JjN2M0YzAiOnsiY3JlYXRlIjozMDAwMDAwMDAwMDAsImRlbGV0ZSI6MzAwMDAwMDAwMDAwfX0=",
          "dependencies": [
            "module.base.module.vpc.aws_internet_gateway.this",
            "module.base.module.vpc.aws_route_table.public",
            "module.base.module.vpc.aws_vpc.this",
            "module.base.module.vpc.aws_vpc_ipv4_cidr_block_association.this",
            "module.base.random_string.rand"
          ]
        }
      ]
    },
    {
      "module": "module.base.module.vpc",
      "mode": "managed",
      "type": "aws_route_table",
      "name": "private",
      "provider": "provider[\"registry.terraform.io/hashicorp/aws\"]",
      "instances": [
        {
          "index_key": 0,
          "schema_version": 0,
          "attributes": {
            "id": "rtb-02b0fbce2f3cea75d",
            "owner_id": "439800815305",
            "propagating_vgws": [],
            "route": [
              {
                "cidr_block": "0.0.0.0/0",
                "egress_only_gateway_id": "",
                "gateway_id": "",
                "instance_id": "",
                "ipv6_cidr_block": "",
                "local_gateway_id": "",
                "nat_gateway_id": "nat-0c5547d442adecaa2",
                "network_interface_id": "",
                "transit_gateway_id": "",
                "vpc_peering_connection_id": ""
              }
            ],
            "tags": {
              "Name": "blue-green-dcelfqiaowmzt-vpc-private"
            },
            "vpc_id": "vpc-01762c1308d0fcb61"
          },
          "private": "bnVsbA==",
          "dependencies": [
            "module.base.data.aws_availability_zones.available",
            "module.base.module.vpc.aws_vpc.this",
            "module.base.module.vpc.aws_vpc_ipv4_cidr_block_association.this",
            "module.base.random_string.rand"
          ]
        }
      ]
    },
    {
      "module": "module.base.module.vpc",
      "mode": "managed",
      "type": "aws_route_table",
      "name": "public",
      "provider": "provider[\"registry.terraform.io/hashicorp/aws\"]",
      "instances": [
        {
          "index_key": 0,
          "schema_version": 0,
          "attributes": {
            "id": "rtb-090a0918262e2b1d3",
            "owner_id": "439800815305",
            "propagating_vgws": [],
            "route": [
              {
                "cidr_block": "0.0.0.0/0",
                "egress_only_gateway_id": "",
                "gateway_id": "igw-0ae567b3e159005c3",
                "instance_id": "",
                "ipv6_cidr_block": "",
                "local_gateway_id": "",
                "nat_gateway_id": "",
                "network_interface_id": "",
                "transit_gateway_id": "",
                "vpc_peering_connection_id": ""
              }
            ],
            "tags": {
              "Name": "blue-green-dcelfqiaowmzt-vpc-public"
            },
            "vpc_id": "vpc-01762c1308d0fcb61"
          },
          "private": "bnVsbA==",
          "dependencies": [
            "module.base.module.vpc.aws_vpc.this",
            "module.base.module.vpc.aws_vpc_ipv4_cidr_block_association.this",
            "module.base.random_string.rand"
          ]
        }
      ]
    },
    {
      "module": "module.base.module.vpc",
      "mode": "managed",
      "type": "aws_route_table_association",
      "name": "private",
      "provider": "provider[\"registry.terraform.io/hashicorp/aws\"]",
      "instances": [
        {
          "index_key": 0,
          "schema_version": 0,
          "attributes": {
            "gateway_id": null,
            "id": "rtbassoc-0b2b89702870b19cf",
            "route_table_id": "rtb-02b0fbce2f3cea75d",
            "subnet_id": "subnet-07b271959f5e75058"
          },
          "private": "bnVsbA==",
          "dependencies": [
            "module.base.data.aws_availability_zones.available",
            "module.base.module.vpc.aws_route_table.private",
            "module.base.module.vpc.aws_subnet.private",
            "module.base.module.vpc.aws_vpc.this",
            "module.base.module.vpc.aws_vpc_ipv4_cidr_block_association.this",
            "module.base.random_string.rand"
          ]
        },
        {
          "index_key": 1,
          "schema_version": 0,
          "attributes": {
            "gateway_id": null,
            "id": "rtbassoc-02d2e2e0648368491",
            "route_table_id": "rtb-02b0fbce2f3cea75d",
            "subnet_id": "subnet-0816536a6b0074ad6"
          },
          "private": "bnVsbA==",
          "dependencies": [
            "module.base.data.aws_availability_zones.available",
            "module.base.module.vpc.aws_route_table.private",
            "module.base.module.vpc.aws_subnet.private",
            "module.base.module.vpc.aws_vpc.this",
            "module.base.module.vpc.aws_vpc_ipv4_cidr_block_association.this",
            "module.base.random_string.rand"
          ]
        },
        {
          "index_key": 2,
          "schema_version": 0,
          "attributes": {
            "gateway_id": null,
            "id": "rtbassoc-0ff3b103ca2272f2e",
            "route_table_id": "rtb-02b0fbce2f3cea75d",
            "subnet_id": "subnet-04ccad0532bed2c40"
          },
          "private": "bnVsbA==",
          "dependencies": [
            "module.base.data.aws_availability_zones.available",
            "module.base.module.vpc.aws_route_table.private",
            "module.base.module.vpc.aws_subnet.private",
            "module.base.module.vpc.aws_vpc.this",
            "module.base.module.vpc.aws_vpc_ipv4_cidr_block_association.this",
            "module.base.random_string.rand"
          ]
        }
      ]
    },
    {
      "module": "module.base.module.vpc",
      "mode": "managed",
      "type": "aws_route_table_association",
      "name": "public",
      "provider": "provider[\"registry.terraform.io/hashicorp/aws\"]",
      "instances": [
        {
          "index_key": 0,
          "schema_version": 0,
          "attributes": {
            "gateway_id": null,
            "id": "rtbassoc-03e6a5e6113e4aba9",
            "route_table_id": "rtb-090a0918262e2b1d3",
            "subnet_id": "subnet-07d0e355cd4655c9a"
          },
          "private": "bnVsbA==",
          "dependencies": [
            "module.base.data.aws_availability_zones.available",
            "module.base.module.vpc.aws_route_table.public",
            "module.base.module.vpc.aws_subnet.public",
            "module.base.module.vpc.aws_vpc.this",
            "module.base.module.vpc.aws_vpc_ipv4_cidr_block_association.this",
            "module.base.random_string.rand"
          ]
        },
        {
          "index_key": 1,
          "schema_version": 0,
          "attributes": {
            "gateway_id": null,
            "id": "rtbassoc-0395dbb0be5dc5081",
            "route_table_id": "rtb-090a0918262e2b1d3",
            "subnet_id": "subnet-09cbeb85d2db4b59c"
          },
          "private": "bnVsbA==",
          "dependencies": [
            "module.base.data.aws_availability_zones.available",
            "module.base.module.vpc.aws_route_table.public",
            "module.base.module.vpc.aws_subnet.public",
            "module.base.module.vpc.aws_vpc.this",
            "module.base.module.vpc.aws_vpc_ipv4_cidr_block_association.this",
            "module.base.random_string.rand"
          ]
        },
        {
          "index_key": 2,
          "schema_version": 0,
          "attributes": {
            "gateway_id": null,
            "id": "rtbassoc-0b2370a2e2656896d",
            "route_table_id": "rtb-090a0918262e2b1d3",
            "subnet_id": "subnet-09703c6f9e5c52a39"
          },
          "private": "bnVsbA==",
          "dependencies": [
            "module.base.data.aws_availability_zones.available",
            "module.base.module.vpc.aws_route_table.public",
            "module.base.module.vpc.aws_subnet.public",
            "module.base.module.vpc.aws_vpc.this",
            "module.base.module.vpc.aws_vpc_ipv4_cidr_block_association.this",
            "module.base.random_string.rand"
          ]
        }
      ]
    },
    {
      "module": "module.base.module.vpc",
      "mode": "managed",
      "type": "aws_subnet",
      "name": "private",
      "provider": "provider[\"registry.terraform.io/hashicorp/aws\"]",
      "instances": [
        {
          "index_key": 0,
          "schema_version": 1,
          "attributes": {
            "arn": "arn:aws:ec2:us-west-2:439800815305:subnet/subnet-07b271959f5e75058",
            "assign_ipv6_address_on_creation": false,
            "availability_zone": "us-west-2a",
            "availability_zone_id": "usw2-az1",
            "cidr_block": "10.0.1.0/24",
            "id": "subnet-07b271959f5e75058",
            "ipv6_cidr_block": "",
            "ipv6_cidr_block_association_id": "",
            "map_public_ip_on_launch": false,
            "outpost_arn": "",
            "owner_id": "439800815305",
            "tags": {
              "Name": "blue-green-dcelfqiaowmzt-vpc-private-us-west-2a"
            },
            "timeouts": null,
            "vpc_id": "vpc-01762c1308d0fcb61"
          },
          "private": "eyJlMmJmYjczMC1lY2FhLTExZTYtOGY4OC0zNDM2M2JjN2M0YzAiOnsiY3JlYXRlIjo2MDAwMDAwMDAwMDAsImRlbGV0ZSI6MTIwMDAwMDAwMDAwMH0sInNjaGVtYV92ZXJzaW9uIjoiMSJ9",
          "dependencies": [
            "module.base.data.aws_availability_zones.available",
            "module.base.module.vpc.aws_vpc.this",
            "module.base.module.vpc.aws_vpc_ipv4_cidr_block_association.this",
            "module.base.random_string.rand"
          ]
        },
        {
          "index_key": 1,
          "schema_version": 1,
          "attributes": {
            "arn": "arn:aws:ec2:us-west-2:439800815305:subnet/subnet-0816536a6b0074ad6",
            "assign_ipv6_address_on_creation": false,
            "availability_zone": "us-west-2b",
            "availability_zone_id": "usw2-az2",
            "cidr_block": "10.0.2.0/24",
            "id": "subnet-0816536a6b0074ad6",
            "ipv6_cidr_block": "",
            "ipv6_cidr_block_association_id": "",
            "map_public_ip_on_launch": false,
            "outpost_arn": "",
            "owner_id": "439800815305",
            "tags": {
              "Name": "blue-green-dcelfqiaowmzt-vpc-private-us-west-2b"
            },
            "timeouts": null,
            "vpc_id": "vpc-01762c1308d0fcb61"
          },
          "private": "eyJlMmJmYjczMC1lY2FhLTExZTYtOGY4OC0zNDM2M2JjN2M0YzAiOnsiY3JlYXRlIjo2MDAwMDAwMDAwMDAsImRlbGV0ZSI6MTIwMDAwMDAwMDAwMH0sInNjaGVtYV92ZXJzaW9uIjoiMSJ9",
          "dependencies": [
            "module.base.data.aws_availability_zones.available",
            "module.base.module.vpc.aws_vpc.this",
            "module.base.module.vpc.aws_vpc_ipv4_cidr_block_association.this",
            "module.base.random_string.rand"
          ]
        },
        {
          "index_key": 2,
          "schema_version": 1,
          "attributes": {
            "arn": "arn:aws:ec2:us-west-2:439800815305:subnet/subnet-04ccad0532bed2c40",
            "assign_ipv6_address_on_creation": false,
            "availability_zone": "us-west-2c",
            "availability_zone_id": "usw2-az3",
            "cidr_block": "10.0.3.0/24",
            "id": "subnet-04ccad0532bed2c40",
            "ipv6_cidr_block": "",
            "ipv6_cidr_block_association_id": "",
            "map_public_ip_on_launch": false,
            "outpost_arn": "",
            "owner_id": "439800815305",
            "tags": {
              "Name": "blue-green-dcelfqiaowmzt-vpc-private-us-west-2c"
            },
            "timeouts": null,
            "vpc_id": "vpc-01762c1308d0fcb61"
          },
          "private": "eyJlMmJmYjczMC1lY2FhLTExZTYtOGY4OC0zNDM2M2JjN2M0YzAiOnsiY3JlYXRlIjo2MDAwMDAwMDAwMDAsImRlbGV0ZSI6MTIwMDAwMDAwMDAwMH0sInNjaGVtYV92ZXJzaW9uIjoiMSJ9",
          "dependencies": [
            "module.base.data.aws_availability_zones.available",
            "module.base.module.vpc.aws_vpc.this",
            "module.base.module.vpc.aws_vpc_ipv4_cidr_block_association.this",
            "module.base.random_string.rand"
          ]
        }
      ]
    },
    {
      "module": "module.base.module.vpc",
      "mode": "managed",
      "type": "aws_subnet",
      "name": "public",
      "provider": "provider[\"registry.terraform.io/hashicorp/aws\"]",
      "instances": [
        {
          "index_key": 0,
          "schema_version": 1,
          "attributes": {
            "arn": "arn:aws:ec2:us-west-2:439800815305:subnet/subnet-07d0e355cd4655c9a",
            "assign_ipv6_address_on_creation": false,
            "availability_zone": "us-west-2a",
            "availability_zone_id": "usw2-az1",
            "cidr_block": "10.0.101.0/24",
            "id": "subnet-07d0e355cd4655c9a",
            "ipv6_cidr_block": "",
            "ipv6_cidr_block_association_id": "",
            "map_public_ip_on_launch": true,
            "outpost_arn": "",
            "owner_id": "439800815305",
            "tags": {
              "Name": "blue-green-dcelfqiaowmzt-vpc-public-us-west-2a"
            },
            "timeouts": null,
            "vpc_id": "vpc-01762c1308d0fcb61"
          },
          "private": "eyJlMmJmYjczMC1lY2FhLTExZTYtOGY4OC0zNDM2M2JjN2M0YzAiOnsiY3JlYXRlIjo2MDAwMDAwMDAwMDAsImRlbGV0ZSI6MTIwMDAwMDAwMDAwMH0sInNjaGVtYV92ZXJzaW9uIjoiMSJ9",
          "dependencies": [
            "module.base.data.aws_availability_zones.available",
            "module.base.module.vpc.aws_vpc.this",
            "module.base.module.vpc.aws_vpc_ipv4_cidr_block_association.this",
            "module.base.random_string.rand"
          ]
        },
        {
          "index_key": 1,
          "schema_version": 1,
          "attributes": {
            "arn": "arn:aws:ec2:us-west-2:439800815305:subnet/subnet-09cbeb85d2db4b59c",
            "assign_ipv6_address_on_creation": false,
            "availability_zone": "us-west-2b",
            "availability_zone_id": "usw2-az2",
            "cidr_block": "10.0.102.0/24",
            "id": "subnet-09cbeb85d2db4b59c",
            "ipv6_cidr_block": "",
            "ipv6_cidr_block_association_id": "",
            "map_public_ip_on_launch": true,
            "outpost_arn": "",
            "owner_id": "439800815305",
            "tags": {
              "Name": "blue-green-dcelfqiaowmzt-vpc-public-us-west-2b"
            },
            "timeouts": null,
            "vpc_id": "vpc-01762c1308d0fcb61"
          },
          "private": "eyJlMmJmYjczMC1lY2FhLTExZTYtOGY4OC0zNDM2M2JjN2M0YzAiOnsiY3JlYXRlIjo2MDAwMDAwMDAwMDAsImRlbGV0ZSI6MTIwMDAwMDAwMDAwMH0sInNjaGVtYV92ZXJzaW9uIjoiMSJ9",
          "dependencies": [
            "module.base.data.aws_availability_zones.available",
            "module.base.module.vpc.aws_vpc.this",
            "module.base.module.vpc.aws_vpc_ipv4_cidr_block_association.this",
            "module.base.random_string.rand"
          ]
        },
        {
          "index_key": 2,
          "schema_version": 1,
          "attributes": {
            "arn": "arn:aws:ec2:us-west-2:439800815305:subnet/subnet-09703c6f9e5c52a39",
            "assign_ipv6_address_on_creation": false,
            "availability_zone": "us-west-2c",
            "availability_zone_id": "usw2-az3",
            "cidr_block": "10.0.103.0/24",
            "id": "subnet-09703c6f9e5c52a39",
            "ipv6_cidr_block": "",
            "ipv6_cidr_block_association_id": "",
            "map_public_ip_on_launch": true,
            "outpost_arn": "",
            "owner_id": "439800815305",
            "tags": {
              "Name": "blue-green-dcelfqiaowmzt-vpc-public-us-west-2c"
            },
            "timeouts": null,
            "vpc_id": "vpc-01762c1308d0fcb61"
          },
          "private": "eyJlMmJmYjczMC1lY2FhLTExZTYtOGY4OC0zNDM2M2JjN2M0YzAiOnsiY3JlYXRlIjo2MDAwMDAwMDAwMDAsImRlbGV0ZSI6MTIwMDAwMDAwMDAwMH0sInNjaGVtYV92ZXJzaW9uIjoiMSJ9",
          "dependencies": [
            "module.base.data.aws_availability_zones.available",
            "module.base.module.vpc.aws_vpc.this",
            "module.base.module.vpc.aws_vpc_ipv4_cidr_block_association.this",
            "module.base.random_string.rand"
          ]
        }
      ]
    },
    {
      "module": "module.base.module.vpc",
      "mode": "managed",
      "type": "aws_vpc",
      "name": "this",
      "provider": "provider[\"registry.terraform.io/hashicorp/aws\"]",
      "instances": [
        {
          "index_key": 0,
          "schema_version": 1,
          "attributes": {
            "arn": "arn:aws:ec2:us-west-2:439800815305:vpc/vpc-01762c1308d0fcb61",
            "assign_generated_ipv6_cidr_block": false,
            "cidr_block": "10.0.0.0/16",
            "default_network_acl_id": "acl-08d5232663629d196",
            "default_route_table_id": "rtb-0ce196bbc12a4a678",
            "default_security_group_id": "sg-01991de5ad62380b6",
            "dhcp_options_id": "dopt-ead8158f",
            "enable_classiclink": false,
            "enable_classiclink_dns_support": false,
            "enable_dns_hostnames": false,
            "enable_dns_support": true,
            "id": "vpc-01762c1308d0fcb61",
            "instance_tenancy": "default",
            "ipv6_association_id": "",
            "ipv6_cidr_block": "",
            "main_route_table_id": "rtb-0ce196bbc12a4a678",
            "owner_id": "439800815305",
            "tags": {
              "Name": "blue-green-dcelfqiaowmzt-vpc"
            }
          },
          "private": "eyJzY2hlbWFfdmVyc2lvbiI6IjEifQ==",
          "dependencies": [
            "module.base.random_string.rand"
          ]
        }
      ]
    },
    {
      "module": "module.base.module.webserver_sg",
      "mode": "managed",
      "type": "aws_security_group",
      "name": "security_group",
      "provider": "provider[\"registry.terraform.io/hashicorp/aws\"]",
      "instances": [
        {
          "schema_version": 1,
          "attributes": {
            "arn": "arn:aws:ec2:us-west-2:439800815305:security-group/sg-06d40bc6a3b60a577",
            "description": "Managed by Terraform",
            "egress": [
              {
                "cidr_blocks": [
                  "0.0.0.0/0"
                ],
                "description": "",
                "from_port": 0,
                "ipv6_cidr_blocks": [],
                "prefix_list_ids": [],
                "protocol": "-1",
                "security_groups": [],
                "self": false,
                "to_port": 0
              }
            ],
            "id": "sg-06d40bc6a3b60a577",
            "ingress": [
              {
                "cidr_blocks": [
                  "10.0.0.0/16"
                ],
                "description": "",
                "from_port": 22,
                "ipv6_cidr_blocks": [],
                "prefix_list_ids": [],
                "protocol": "tcp",
                "security_groups": [],
                "self": false,
                "to_port": 22
              },
              {
                "cidr_blocks": [],
                "description": "",
                "from_port": 0,
                "ipv6_cidr_blocks": [],
                "prefix_list_ids": [],
                "protocol": "-1",
                "security_groups": [],
                "self": true,
                "to_port": 0
              },
              {
                "cidr_blocks": [],
                "description": "",
                "from_port": 8080,
                "ipv6_cidr_blocks": [],
                "prefix_list_ids": [],
                "protocol": "tcp",
                "security_groups": [
                  "sg-076f2b1344f35df63"
                ],
                "self": false,
                "to_port": 8080
              }
            ],
            "name": "terraform-20201005001933591000000008",
            "name_prefix": "",
            "owner_id": "439800815305",
            "revoke_rules_on_delete": false,
            "tags": {},
            "timeouts": null,
            "vpc_id": "vpc-01762c1308d0fcb61"
          },
          "private": "eyJlMmJmYjczMC1lY2FhLTExZTYtOGY4OC0zNDM2M2JjN2M0YzAiOnsiY3JlYXRlIjo2MDAwMDAwMDAwMDAsImRlbGV0ZSI6NjAwMDAwMDAwMDAwfSwic2NoZW1hX3ZlcnNpb24iOiIxIn0=",
          "dependencies": [
            "module.base.module.lb_sg.aws_security_group.security_group",
            "module.base.module.vpc.aws_vpc.this",
            "module.base.random_string.rand"
          ]
        }
      ]
    },
    {
      "module": "module.blue",
      "mode": "data",
      "type": "aws_ami",
      "name": "ubuntu",
      "provider": "provider[\"registry.terraform.io/hashicorp/aws\"]",
      "instances": [
        {
          "schema_version": 0,
          "attributes": {
            "architecture": "x86_64",
            "arn": "arn:aws:ec2:us-west-2::image/ami-0c1ab2d66f996cd4b",
            "block_device_mappings": [
              {
                "device_name": "/dev/sda1",
                "ebs": {
                  "delete_on_termination": "true",
                  "encrypted": "false",
                  "iops": "0",
                  "snapshot_id": "snap-0886751d100ae75f1",
                  "volume_size": "8",
                  "volume_type": "gp2"
                },
                "no_device": "",
                "virtual_name": ""
              },
              {
                "device_name": "/dev/sdb",
                "ebs": {},
                "no_device": "",
                "virtual_name": "ephemeral0"
              },
              {
                "device_name": "/dev/sdc",
                "ebs": {},
                "no_device": "",
                "virtual_name": "ephemeral1"
              }
            ],
            "creation_date": "2020-09-23T23:12:12.000Z",
            "description": "Canonical, Ubuntu, 18.04 LTS, amd64 bionic image build on 2020-09-23",
            "executable_users": null,
            "filter": [
              {
                "name": "name",
                "values": [
                  "ubuntu/images/hvm-ssd/ubuntu-bionic-18.04-amd64-server-*"
                ]
              }
            ],
            "hypervisor": "xen",
            "id": "ami-0c1ab2d66f996cd4b",
            "image_id": "ami-0c1ab2d66f996cd4b",
            "image_location": "099720109477/ubuntu/images/hvm-ssd/ubuntu-bionic-18.04-amd64-server-20200923",
            "image_owner_alias": null,
            "image_type": "machine",
            "kernel_id": null,
            "most_recent": true,
            "name": "ubuntu/images/hvm-ssd/ubuntu-bionic-18.04-amd64-server-20200923",
            "name_regex": null,
            "owner_id": "099720109477",
            "owners": [
              "099720109477"
            ],
            "platform": null,
            "product_codes": [],
            "public": true,
            "ramdisk_id": null,
            "root_device_name": "/dev/sda1",
            "root_device_type": "ebs",
            "root_snapshot_id": "snap-0886751d100ae75f1",
            "sriov_net_support": "simple",
            "state": "available",
            "state_reason": {
              "code": "UNSET",
              "message": "UNSET"
            },
            "tags": {},
            "virtualization_type": "hvm"
          }
        }
      ]
    },
    {
      "module": "module.blue",
      "mode": "managed",
      "type": "aws_autoscaling_group",
      "name": "webserver",
      "provider": "provider[\"registry.terraform.io/hashicorp/aws\"]",
      "instances": [
        {
          "schema_version": 0,
          "attributes": {
            "arn": "arn:aws:autoscaling:us-west-2:439800815305:autoScalingGroup:6e54abbf-681a-4e65-a1c3-a5ca559befdc:autoScalingGroupName/blue-green-dcelfqiaowmzt-blue-asg",
            "availability_zones": [
              "us-west-2a",
              "us-west-2b",
              "us-west-2c"
            ],
            "default_cooldown": 300,
            "desired_capacity": 3,
            "enabled_metrics": [],
            "force_delete": false,
            "health_check_grace_period": 300,
            "health_check_type": "EC2",
            "id": "blue-green-dcelfqiaowmzt-blue-asg",
            "initial_lifecycle_hook": [],
            "launch_configuration": "",
            "launch_template": [
              {
                "id": "lt-07f3bc641e7156dcd",
                "name": "blue-green-dcelfqiaowmzt20201005002221673000000009",
                "version": "1"
              }
            ],
            "load_balancers": [],
            "max_instance_lifetime": 0,
            "max_size": 3,
            "metrics_granularity": "1Minute",
            "min_elb_capacity": null,
            "min_size": 3,
            "mixed_instances_policy": [],
            "name": "blue-green-dcelfqiaowmzt-blue-asg",
            "name_prefix": null,
            "placement_group": "",
            "protect_from_scale_in": false,
            "service_linked_role_arn": "arn:aws:iam::439800815305:role/aws-service-role/autoscaling.amazonaws.com/AWSServiceRoleForAutoScaling",
            "suspended_processes": [],
            "tag": [
              {
                "key": "Name",
                "propagate_at_launch": true,
                "value": "blue-green-dcelfqiaowmzt-blue"
              },
              {
                "key": "ResourceGroup",
                "propagate_at_launch": true,
                "value": "blue-green-dcelfqiaowmzt"
              }
            ],
            "tags": null,
            "target_group_arns": [
              "arn:aws:elasticloadbalancing:us-west-2:439800815305:targetgroup/blue-green-dcelfqiaowmzt-blue/2ab23561ca02d40a"
            ],
            "termination_policies": [],
            "timeouts": null,
            "vpc_zone_identifier": [
              "subnet-07d0e355cd4655c9a",
              "subnet-09703c6f9e5c52a39",
              "subnet-09cbeb85d2db4b59c"
            ],
            "wait_for_capacity_timeout": "10m",
            "wait_for_elb_capacity": null
          },
          "private": "eyJlMmJmYjczMC1lY2FhLTExZTYtOGY4OC0zNDM2M2JjN2M0YzAiOnsiZGVsZXRlIjo2MDAwMDAwMDAwMDB9fQ==",
          "dependencies": [
            "module.base.aws_lb.lb",
            "module.base.aws_lb_listener.lb_listener",
            "module.base.aws_lb_listener_rule.lb_listener_rule",
            "module.base.aws_lb_target_group.blue_target_group",
            "module.base.aws_lb_target_group.green_target_group",
            "module.base.aws_resourcegroups_group.resourcegroups_group",
            "module.base.data.aws_availability_zones.available",
            "module.base.module.lb_sg.aws_security_group.security_group",
            "module.base.module.vpc.aws_db_subnet_group.database",
            "module.base.module.vpc.aws_default_network_acl.this",
            "module.base.module.vpc.aws_default_vpc.this",
            "module.base.module.vpc.aws_egress_only_internet_gateway.this",
            "module.base.module.vpc.aws_eip.nat",
            "module.base.module.vpc.aws_elasticache_subnet_group.elasticache",
            "module.base.module.vpc.aws_internet_gateway.this",
            "module.base.module.vpc.aws_nat_gateway.this",
            "module.base.module.vpc.aws_network_acl.database",
            "module.base.module.vpc.aws_network_acl.elasticache",
            "module.base.module.vpc.aws_network_acl.intra",
            "module.base.module.vpc.aws_network_acl.private",
            "module.base.module.vpc.aws_network_acl.public",
            "module.base.module.vpc.aws_network_acl.redshift",
            "module.base.module.vpc.aws_network_acl_rule.database_inbound",
            "module.base.module.vpc.aws_network_acl_rule.database_outbound",
            "module.base.module.vpc.aws_network_acl_rule.elasticache_inbound",
            "module.base.module.vpc.aws_network_acl_rule.elasticache_outbound",
            "module.base.module.vpc.aws_network_acl_rule.intra_inbound",
            "module.base.module.vpc.aws_network_acl_rule.intra_outbound",
            "module.base.module.vpc.aws_network_acl_rule.private_inbound",
            "module.base.module.vpc.aws_network_acl_rule.private_outbound",
            "module.base.module.vpc.aws_network_acl_rule.public_inbound",
            "module.base.module.vpc.aws_network_acl_rule.public_outbound",
            "module.base.module.vpc.aws_network_acl_rule.redshift_inbound",
            "module.base.module.vpc.aws_network_acl_rule.redshift_outbound",
            "module.base.module.vpc.aws_redshift_subnet_group.redshift",
            "module.base.module.vpc.aws_route.database_internet_gateway",
            "module.base.module.vpc.aws_route.database_ipv6_egress",
            "module.base.module.vpc.aws_route.database_nat_gateway",
            "module.base.module.vpc.aws_route.private_ipv6_egress",
            "module.base.module.vpc.aws_route.private_nat_gateway",
            "module.base.module.vpc.aws_route.public_internet_gateway",
            "module.base.module.vpc.aws_route.public_internet_gateway_ipv6",
            "module.base.module.vpc.aws_route_table.database",
            "module.base.module.vpc.aws_route_table.elasticache",
            "module.base.module.vpc.aws_route_table.intra",
            "module.base.module.vpc.aws_route_table.private",
            "module.base.module.vpc.aws_route_table.public",
            "module.base.module.vpc.aws_route_table.redshift",
            "module.base.module.vpc.aws_route_table_association.database",
            "module.base.module.vpc.aws_route_table_association.elasticache",
            "module.base.module.vpc.aws_route_table_association.intra",
            "module.base.module.vpc.aws_route_table_association.private",
            "module.base.module.vpc.aws_route_table_association.public",
            "module.base.module.vpc.aws_route_table_association.redshift",
            "module.base.module.vpc.aws_route_table_association.redshift_public",
            "module.base.module.vpc.aws_subnet.database",
            "module.base.module.vpc.aws_subnet.elasticache",
            "module.base.module.vpc.aws_subnet.intra",
            "module.base.module.vpc.aws_subnet.private",
            "module.base.module.vpc.aws_subnet.public",
            "module.base.module.vpc.aws_subnet.redshift",
            "module.base.module.vpc.aws_vpc.this",
            "module.base.module.vpc.aws_vpc_dhcp_options.this",
            "module.base.module.vpc.aws_vpc_dhcp_options_association.this",
            "module.base.module.vpc.aws_vpc_endpoint.apigw",
            "module.base.module.vpc.aws_vpc_endpoint.appmesh_envoy_management",
            "module.base.module.vpc.aws_vpc_endpoint.appstream",
            "module.base.module.vpc.aws_vpc_endpoint.athena",
            "module.base.module.vpc.aws_vpc_endpoint.cloudformation",
            "module.base.module.vpc.aws_vpc_endpoint.cloudtrail",
            "module.base.module.vpc.aws_vpc_endpoint.codebuild",
            "module.base.module.vpc.aws_vpc_endpoint.codecommit",
            "module.base.module.vpc.aws_vpc_endpoint.codepipeline",
            "module.base.module.vpc.aws_vpc_endpoint.config",
            "module.base.module.vpc.aws_vpc_endpoint.dynamodb",
            "module.base.module.vpc.aws_vpc_endpoint.ec2",
            "module.base.module.vpc.aws_vpc_endpoint.ec2messages",
            "module.base.module.vpc.aws_vpc_endpoint.ecr_api",
            "module.base.module.vpc.aws_vpc_endpoint.ecr_dkr",
            "module.base.module.vpc.aws_vpc_endpoint.ecs",
            "module.base.module.vpc.aws_vpc_endpoint.ecs_agent",
            "module.base.module.vpc.aws_vpc_endpoint.ecs_telemetry",
            "module.base.module.vpc.aws_vpc_endpoint.elasticloadbalancing",
            "module.base.module.vpc.aws_vpc_endpoint.events",
            "module.base.module.vpc.aws_vpc_endpoint.git_codecommit",
            "module.base.module.vpc.aws_vpc_endpoint.glue",
            "module.base.module.vpc.aws_vpc_endpoint.kinesis_firehose",
            "module.base.module.vpc.aws_vpc_endpoint.kinesis_streams",
            "module.base.module.vpc.aws_vpc_endpoint.kms",
            "module.base.module.vpc.aws_vpc_endpoint.logs",
            "module.base.module.vpc.aws_vpc_endpoint.monitoring",
            "module.base.module.vpc.aws_vpc_endpoint.rekognition",
            "module.base.module.vpc.aws_vpc_endpoint.s3",
            "module.base.module.vpc.aws_vpc_endpoint.sagemaker_api",
            "module.base.module.vpc.aws_vpc_endpoint.sagemaker_notebook",
            "module.base.module.vpc.aws_vpc_endpoint.sagemaker_runtime",
            "module.base.module.vpc.aws_vpc_endpoint.secretsmanager",
            "module.base.module.vpc.aws_vpc_endpoint.servicecatalog",
            "module.base.module.vpc.aws_vpc_endpoint.sns",
            "module.base.module.vpc.aws_vpc_endpoint.sqs",
            "module.base.module.vpc.aws_vpc_endpoint.ssm",
            "module.base.module.vpc.aws_vpc_endpoint.ssmmessages",
            "module.base.module.vpc.aws_vpc_endpoint.storagegateway",
            "module.base.module.vpc.aws_vpc_endpoint.sts",
            "module.base.module.vpc.aws_vpc_endpoint.transfer",
            "module.base.module.vpc.aws_vpc_endpoint.transferserver",
            "module.base.module.vpc.aws_vpc_endpoint_route_table_association.intra_dynamodb",
            "module.base.module.vpc.aws_vpc_endpoint_route_table_association.intra_s3",
            "module.base.module.vpc.aws_vpc_endpoint_route_table_association.private_dynamodb",
            "module.base.module.vpc.aws_vpc_endpoint_route_table_association.private_s3",
            "module.base.module.vpc.aws_vpc_endpoint_route_table_association.public_dynamodb",
            "module.base.module.vpc.aws_vpc_endpoint_route_table_association.public_s3",
            "module.base.module.vpc.aws_vpc_ipv4_cidr_block_association.this",
            "module.base.module.vpc.aws_vpn_gateway.this",
            "module.base.module.vpc.aws_vpn_gateway_attachment.this",
            "module.base.module.vpc.aws_vpn_gateway_route_propagation.private",
            "module.base.module.vpc.aws_vpn_gateway_route_propagation.public",
            "module.base.module.vpc.data.aws_vpc_endpoint_service.apigw",
            "module.base.module.vpc.data.aws_vpc_endpoint_service.appmesh_envoy_management",
            "module.base.module.vpc.data.aws_vpc_endpoint_service.appstream",
            "module.base.module.vpc.data.aws_vpc_endpoint_service.athena",
            "module.base.module.vpc.data.aws_vpc_endpoint_service.cloudformation",
            "module.base.module.vpc.data.aws_vpc_endpoint_service.cloudtrail",
            "module.base.module.vpc.data.aws_vpc_endpoint_service.codebuild",
            "module.base.module.vpc.data.aws_vpc_endpoint_service.codecommit",
            "module.base.module.vpc.data.aws_vpc_endpoint_service.codepipeline",
            "module.base.module.vpc.data.aws_vpc_endpoint_service.config",
            "module.base.module.vpc.data.aws_vpc_endpoint_service.dynamodb",
            "module.base.module.vpc.data.aws_vpc_endpoint_service.ec2",
            "module.base.module.vpc.data.aws_vpc_endpoint_service.ec2messages",
            "module.base.module.vpc.data.aws_vpc_endpoint_service.ecr_api",
            "module.base.module.vpc.data.aws_vpc_endpoint_service.ecr_dkr",
            "module.base.module.vpc.data.aws_vpc_endpoint_service.ecs",
            "module.base.module.vpc.data.aws_vpc_endpoint_service.ecs_agent",
            "module.base.module.vpc.data.aws_vpc_endpoint_service.ecs_telemetry",
            "module.base.module.vpc.data.aws_vpc_endpoint_service.elasticloadbalancing",
            "module.base.module.vpc.data.aws_vpc_endpoint_service.events",
            "module.base.module.vpc.data.aws_vpc_endpoint_service.git_codecommit",
            "module.base.module.vpc.data.aws_vpc_endpoint_service.glue",
            "module.base.module.vpc.data.aws_vpc_endpoint_service.kinesis_firehose",
            "module.base.module.vpc.data.aws_vpc_endpoint_service.kinesis_streams",
            "module.base.module.vpc.data.aws_vpc_endpoint_service.kms",
            "module.base.module.vpc.data.aws_vpc_endpoint_service.logs",
            "module.base.module.vpc.data.aws_vpc_endpoint_service.monitoring",
            "module.base.module.vpc.data.aws_vpc_endpoint_service.rekognition",
            "module.base.module.vpc.data.aws_vpc_endpoint_service.s3",
            "module.base.module.vpc.data.aws_vpc_endpoint_service.sagemaker_api",
            "module.base.module.vpc.data.aws_vpc_endpoint_service.sagemaker_notebook",
            "module.base.module.vpc.data.aws_vpc_endpoint_service.sagemaker_runtime",
            "module.base.module.vpc.data.aws_vpc_endpoint_service.secretsmanager",
            "module.base.module.vpc.data.aws_vpc_endpoint_service.servicecatalog",
            "module.base.module.vpc.data.aws_vpc_endpoint_service.sns",
            "module.base.module.vpc.data.aws_vpc_endpoint_service.sqs",
            "module.base.module.vpc.data.aws_vpc_endpoint_service.ssm",
            "module.base.module.vpc.data.aws_vpc_endpoint_service.ssmmessages",
            "module.base.module.vpc.data.aws_vpc_endpoint_service.storagegateway",
            "module.base.module.vpc.data.aws_vpc_endpoint_service.sts",
            "module.base.module.vpc.data.aws_vpc_endpoint_service.transfer",
            "module.base.module.vpc.data.aws_vpc_endpoint_service.transferserver",
            "module.base.module.webserver_sg.aws_security_group.security_group",
            "module.base.random_string.rand",
            "module.blue.aws_launch_template.webserver",
            "module.blue.data.aws_ami.ubuntu",
            "module.blue.module.iam_instance_profile.aws_iam_instance_profile.iam_instance_profile",
            "module.blue.module.iam_instance_profile.aws_iam_role.iam_role"
          ]
        }
      ]
    },
    {
      "module": "module.blue",
      "mode": "managed",
      "type": "aws_launch_template",
      "name": "webserver",
      "provider": "provider[\"registry.terraform.io/hashicorp/aws\"]",
      "instances": [
        {
          "schema_version": 0,
          "attributes": {
            "arn": "arn:aws:ec2:us-west-2:439800815305:launch-template/lt-07f3bc641e7156dcd",
            "block_device_mappings": [],
            "capacity_reservation_specification": [],
            "cpu_options": [],
            "credit_specification": [],
            "default_version": 1,
            "description": "",
            "disable_api_termination": false,
            "ebs_optimized": "",
            "elastic_gpu_specifications": [],
            "elastic_inference_accelerator": [],
            "hibernation_options": [],
            "iam_instance_profile": [
              {
                "arn": "",
                "name": "terraform-20201005001928531900000006"
              }
            ],
            "id": "lt-07f3bc641e7156dcd",
            "image_id": "ami-0c1ab2d66f996cd4b",
            "instance_initiated_shutdown_behavior": "",
            "instance_market_options": [],
            "instance_type": "t3.micro",
            "kernel_id": "",
            "key_name": "",
            "latest_version": 1,
            "license_specification": [],
            "metadata_options": [],
            "monitoring": [],
            "name": "blue-green-dcelfqiaowmzt20201005002221673000000009",
            "name_prefix": "blue-green-dcelfqiaowmzt",
            "network_interfaces": [],
            "placement": [],
            "ram_disk_id": "",
            "security_group_names": [],
            "tag_specifications": [],
            "tags": {
              "ResourceGroup": "blue-green-dcelfqiaowmzt"
            },
            "update_default_version": null,
            "user_data": "IyEvYmluL2Jhc2ggCm1rZGlyIC1wIC92YXIvd3d3ICYmIGNkIC92YXIvd3d3CnN1ZG8gdGVlIC92YXIvd3d3L2luZGV4Lmh0bWwgPiAvZGV2L251bGwgPDxFT0YKPCFET0NUWVBFIGh0bWw+CjxodG1sPgo8c3R5bGU+CiAgICBib2R5IHsKICAgICAgICBiYWNrZ3JvdW5kLWNvbG9yOiBibHVlOwogICAgICAgIGNvbG9yOiB3aGl0ZTsKICAgIH0KPC9zdHlsZT4KCjxib2R5PgogICAgPGgxPmJsdWUtdjIuMDwvaDE+CjwvYm9keT4KCjwvaHRtbD4KRU9GCnB5dGhvbjMgLW0gaHR0cC5zZXJ2ZXIgODA4MA==",
            "vpc_security_group_ids": [
              "sg-06d40bc6a3b60a577"
            ]
          },
          "private": "bnVsbA==",
          "dependencies": [
            "module.base.aws_lb.lb",
            "module.base.aws_lb_listener.lb_listener",
            "module.base.aws_lb_listener_rule.lb_listener_rule",
            "module.base.aws_lb_target_group.blue_target_group",
            "module.base.aws_lb_target_group.green_target_group",
            "module.base.aws_resourcegroups_group.resourcegroups_group",
            "module.base.data.aws_availability_zones.available",
            "module.base.module.lb_sg.aws_security_group.security_group",
            "module.base.module.vpc.aws_db_subnet_group.database",
            "module.base.module.vpc.aws_default_network_acl.this",
            "module.base.module.vpc.aws_default_vpc.this",
            "module.base.module.vpc.aws_egress_only_internet_gateway.this",
            "module.base.module.vpc.aws_eip.nat",
            "module.base.module.vpc.aws_elasticache_subnet_group.elasticache",
            "module.base.module.vpc.aws_internet_gateway.this",
            "module.base.module.vpc.aws_nat_gateway.this",
            "module.base.module.vpc.aws_network_acl.database",
            "module.base.module.vpc.aws_network_acl.elasticache",
            "module.base.module.vpc.aws_network_acl.intra",
            "module.base.module.vpc.aws_network_acl.private",
            "module.base.module.vpc.aws_network_acl.public",
            "module.base.module.vpc.aws_network_acl.redshift",
            "module.base.module.vpc.aws_network_acl_rule.database_inbound",
            "module.base.module.vpc.aws_network_acl_rule.database_outbound",
            "module.base.module.vpc.aws_network_acl_rule.elasticache_inbound",
            "module.base.module.vpc.aws_network_acl_rule.elasticache_outbound",
            "module.base.module.vpc.aws_network_acl_rule.intra_inbound",
            "module.base.module.vpc.aws_network_acl_rule.intra_outbound",
            "module.base.module.vpc.aws_network_acl_rule.private_inbound",
            "module.base.module.vpc.aws_network_acl_rule.private_outbound",
            "module.base.module.vpc.aws_network_acl_rule.public_inbound",
            "module.base.module.vpc.aws_network_acl_rule.public_outbound",
            "module.base.module.vpc.aws_network_acl_rule.redshift_inbound",
            "module.base.module.vpc.aws_network_acl_rule.redshift_outbound",
            "module.base.module.vpc.aws_redshift_subnet_group.redshift",
            "module.base.module.vpc.aws_route.database_internet_gateway",
            "module.base.module.vpc.aws_route.database_ipv6_egress",
            "module.base.module.vpc.aws_route.database_nat_gateway",
            "module.base.module.vpc.aws_route.private_ipv6_egress",
            "module.base.module.vpc.aws_route.private_nat_gateway",
            "module.base.module.vpc.aws_route.public_internet_gateway",
            "module.base.module.vpc.aws_route.public_internet_gateway_ipv6",
            "module.base.module.vpc.aws_route_table.database",
            "module.base.module.vpc.aws_route_table.elasticache",
            "module.base.module.vpc.aws_route_table.intra",
            "module.base.module.vpc.aws_route_table.private",
            "module.base.module.vpc.aws_route_table.public",
            "module.base.module.vpc.aws_route_table.redshift",
            "module.base.module.vpc.aws_route_table_association.database",
            "module.base.module.vpc.aws_route_table_association.elasticache",
            "module.base.module.vpc.aws_route_table_association.intra",
            "module.base.module.vpc.aws_route_table_association.private",
            "module.base.module.vpc.aws_route_table_association.public",
            "module.base.module.vpc.aws_route_table_association.redshift",
            "module.base.module.vpc.aws_route_table_association.redshift_public",
            "module.base.module.vpc.aws_subnet.database",
            "module.base.module.vpc.aws_subnet.elasticache",
            "module.base.module.vpc.aws_subnet.intra",
            "module.base.module.vpc.aws_subnet.private",
            "module.base.module.vpc.aws_subnet.public",
            "module.base.module.vpc.aws_subnet.redshift",
            "module.base.module.vpc.aws_vpc.this",
            "module.base.module.vpc.aws_vpc_dhcp_options.this",
            "module.base.module.vpc.aws_vpc_dhcp_options_association.this",
            "module.base.module.vpc.aws_vpc_endpoint.apigw",
            "module.base.module.vpc.aws_vpc_endpoint.appmesh_envoy_management",
            "module.base.module.vpc.aws_vpc_endpoint.appstream",
            "module.base.module.vpc.aws_vpc_endpoint.athena",
            "module.base.module.vpc.aws_vpc_endpoint.cloudformation",
            "module.base.module.vpc.aws_vpc_endpoint.cloudtrail",
            "module.base.module.vpc.aws_vpc_endpoint.codebuild",
            "module.base.module.vpc.aws_vpc_endpoint.codecommit",
            "module.base.module.vpc.aws_vpc_endpoint.codepipeline",
            "module.base.module.vpc.aws_vpc_endpoint.config",
            "module.base.module.vpc.aws_vpc_endpoint.dynamodb",
            "module.base.module.vpc.aws_vpc_endpoint.ec2",
            "module.base.module.vpc.aws_vpc_endpoint.ec2messages",
            "module.base.module.vpc.aws_vpc_endpoint.ecr_api",
            "module.base.module.vpc.aws_vpc_endpoint.ecr_dkr",
            "module.base.module.vpc.aws_vpc_endpoint.ecs",
            "module.base.module.vpc.aws_vpc_endpoint.ecs_agent",
            "module.base.module.vpc.aws_vpc_endpoint.ecs_telemetry",
            "module.base.module.vpc.aws_vpc_endpoint.elasticloadbalancing",
            "module.base.module.vpc.aws_vpc_endpoint.events",
            "module.base.module.vpc.aws_vpc_endpoint.git_codecommit",
            "module.base.module.vpc.aws_vpc_endpoint.glue",
            "module.base.module.vpc.aws_vpc_endpoint.kinesis_firehose",
            "module.base.module.vpc.aws_vpc_endpoint.kinesis_streams",
            "module.base.module.vpc.aws_vpc_endpoint.kms",
            "module.base.module.vpc.aws_vpc_endpoint.logs",
            "module.base.module.vpc.aws_vpc_endpoint.monitoring",
            "module.base.module.vpc.aws_vpc_endpoint.rekognition",
            "module.base.module.vpc.aws_vpc_endpoint.s3",
            "module.base.module.vpc.aws_vpc_endpoint.sagemaker_api",
            "module.base.module.vpc.aws_vpc_endpoint.sagemaker_notebook",
            "module.base.module.vpc.aws_vpc_endpoint.sagemaker_runtime",
            "module.base.module.vpc.aws_vpc_endpoint.secretsmanager",
            "module.base.module.vpc.aws_vpc_endpoint.servicecatalog",
            "module.base.module.vpc.aws_vpc_endpoint.sns",
            "module.base.module.vpc.aws_vpc_endpoint.sqs",
            "module.base.module.vpc.aws_vpc_endpoint.ssm",
            "module.base.module.vpc.aws_vpc_endpoint.ssmmessages",
            "module.base.module.vpc.aws_vpc_endpoint.storagegateway",
            "module.base.module.vpc.aws_vpc_endpoint.sts",
            "module.base.module.vpc.aws_vpc_endpoint.transfer",
            "module.base.module.vpc.aws_vpc_endpoint.transferserver",
            "module.base.module.vpc.aws_vpc_endpoint_route_table_association.intra_dynamodb",
            "module.base.module.vpc.aws_vpc_endpoint_route_table_association.intra_s3",
            "module.base.module.vpc.aws_vpc_endpoint_route_table_association.private_dynamodb",
            "module.base.module.vpc.aws_vpc_endpoint_route_table_association.private_s3",
            "module.base.module.vpc.aws_vpc_endpoint_route_table_association.public_dynamodb",
            "module.base.module.vpc.aws_vpc_endpoint_route_table_association.public_s3",
            "module.base.module.vpc.aws_vpc_ipv4_cidr_block_association.this",
            "module.base.module.vpc.aws_vpn_gateway.this",
            "module.base.module.vpc.aws_vpn_gateway_attachment.this",
            "module.base.module.vpc.aws_vpn_gateway_route_propagation.private",
            "module.base.module.vpc.aws_vpn_gateway_route_propagation.public",
            "module.base.module.vpc.data.aws_vpc_endpoint_service.apigw",
            "module.base.module.vpc.data.aws_vpc_endpoint_service.appmesh_envoy_management",
            "module.base.module.vpc.data.aws_vpc_endpoint_service.appstream",
            "module.base.module.vpc.data.aws_vpc_endpoint_service.athena",
            "module.base.module.vpc.data.aws_vpc_endpoint_service.cloudformation",
            "module.base.module.vpc.data.aws_vpc_endpoint_service.cloudtrail",
            "module.base.module.vpc.data.aws_vpc_endpoint_service.codebuild",
            "module.base.module.vpc.data.aws_vpc_endpoint_service.codecommit",
            "module.base.module.vpc.data.aws_vpc_endpoint_service.codepipeline",
            "module.base.module.vpc.data.aws_vpc_endpoint_service.config",
            "module.base.module.vpc.data.aws_vpc_endpoint_service.dynamodb",
            "module.base.module.vpc.data.aws_vpc_endpoint_service.ec2",
            "module.base.module.vpc.data.aws_vpc_endpoint_service.ec2messages",
            "module.base.module.vpc.data.aws_vpc_endpoint_service.ecr_api",
            "module.base.module.vpc.data.aws_vpc_endpoint_service.ecr_dkr",
            "module.base.module.vpc.data.aws_vpc_endpoint_service.ecs",
            "module.base.module.vpc.data.aws_vpc_endpoint_service.ecs_agent",
            "module.base.module.vpc.data.aws_vpc_endpoint_service.ecs_telemetry",
            "module.base.module.vpc.data.aws_vpc_endpoint_service.elasticloadbalancing",
            "module.base.module.vpc.data.aws_vpc_endpoint_service.events",
            "module.base.module.vpc.data.aws_vpc_endpoint_service.git_codecommit",
            "module.base.module.vpc.data.aws_vpc_endpoint_service.glue",
            "module.base.module.vpc.data.aws_vpc_endpoint_service.kinesis_firehose",
            "module.base.module.vpc.data.aws_vpc_endpoint_service.kinesis_streams",
            "module.base.module.vpc.data.aws_vpc_endpoint_service.kms",
            "module.base.module.vpc.data.aws_vpc_endpoint_service.logs",
            "module.base.module.vpc.data.aws_vpc_endpoint_service.monitoring",
            "module.base.module.vpc.data.aws_vpc_endpoint_service.rekognition",
            "module.base.module.vpc.data.aws_vpc_endpoint_service.s3",
            "module.base.module.vpc.data.aws_vpc_endpoint_service.sagemaker_api",
            "module.base.module.vpc.data.aws_vpc_endpoint_service.sagemaker_notebook",
            "module.base.module.vpc.data.aws_vpc_endpoint_service.sagemaker_runtime",
            "module.base.module.vpc.data.aws_vpc_endpoint_service.secretsmanager",
            "module.base.module.vpc.data.aws_vpc_endpoint_service.servicecatalog",
            "module.base.module.vpc.data.aws_vpc_endpoint_service.sns",
            "module.base.module.vpc.data.aws_vpc_endpoint_service.sqs",
            "module.base.module.vpc.data.aws_vpc_endpoint_service.ssm",
            "module.base.module.vpc.data.aws_vpc_endpoint_service.ssmmessages",
            "module.base.module.vpc.data.aws_vpc_endpoint_service.storagegateway",
            "module.base.module.vpc.data.aws_vpc_endpoint_service.sts",
            "module.base.module.vpc.data.aws_vpc_endpoint_service.transfer",
            "module.base.module.vpc.data.aws_vpc_endpoint_service.transferserver",
            "module.base.module.webserver_sg.aws_security_group.security_group",
            "module.base.random_string.rand",
            "module.blue.data.aws_ami.ubuntu",
            "module.blue.module.iam_instance_profile.aws_iam_instance_profile.iam_instance_profile",
            "module.blue.module.iam_instance_profile.aws_iam_role.iam_role"
          ]
        }
      ]
    },
    {
      "module": "module.blue.module.iam_instance_profile",
      "mode": "data",
      "type": "aws_iam_policy_document",
      "name": "iam_policy_document",
      "provider": "provider[\"registry.terraform.io/hashicorp/aws\"]",
      "instances": [
        {
          "schema_version": 0,
          "attributes": {
            "id": "2841852350",
            "json": "{\n  \"Version\": \"2012-10-17\",\n  \"Statement\": [\n    {\n      \"Sid\": \"\",\n      \"Effect\": \"Allow\",\n      \"Action\": \"logs:*\",\n      \"Resource\": \"*\"\n    }\n  ]\n}",
            "override_json": null,
            "policy_id": null,
            "source_json": null,
            "statement": [
              {
                "actions": [
                  "logs:*"
                ],
                "condition": [],
                "effect": "Allow",
                "not_actions": [],
                "not_principals": [],
                "not_resources": [],
                "principals": [],
                "resources": [
                  "*"
                ],
                "sid": ""
              }
            ],
            "version": "2012-10-17"
          }
        }
      ]
    },
    {
      "module": "module.blue.module.iam_instance_profile",
      "mode": "managed",
      "type": "aws_iam_instance_profile",
      "name": "iam_instance_profile",
      "provider": "provider[\"registry.terraform.io/hashicorp/aws\"]",
      "instances": [
        {
          "schema_version": 0,
          "attributes": {
            "arn": "arn:aws:iam::439800815305:instance-profile/terraform-20201005001928531900000006",
            "create_date": "2020-10-05T00:19:29Z",
            "id": "terraform-20201005001928531900000006",
            "name": "terraform-20201005001928531900000006",
            "name_prefix": null,
            "path": "/",
            "role": "terraform-20201005001927229500000001",
            "unique_id": "AIPAWMZRL33E3DNPPUMEY"
          },
          "private": "bnVsbA==",
          "dependencies": [
            "module.blue.module.iam_instance_profile.aws_iam_role.iam_role"
          ]
        }
      ]
    },
    {
      "module": "module.blue.module.iam_instance_profile",
      "mode": "managed",
      "type": "aws_iam_role",
      "name": "iam_role",
      "provider": "provider[\"registry.terraform.io/hashicorp/aws\"]",
      "instances": [
        {
          "schema_version": 0,
          "attributes": {
            "arn": "arn:aws:iam::439800815305:role/terraform-20201005001927229500000001",
            "assume_role_policy": "{\"Version\":\"2012-10-17\",\"Statement\":[{\"Effect\":\"Allow\",\"Principal\":{\"Service\":\"ec2.amazonaws.com\"},\"Action\":\"sts:AssumeRole\"}]}",
            "create_date": "2020-10-05T00:19:27Z",
            "description": "",
            "force_detach_policies": false,
            "id": "terraform-20201005001927229500000001",
            "max_session_duration": 3600,
            "name": "terraform-20201005001927229500000001",
            "name_prefix": null,
            "path": "/",
            "permissions_boundary": null,
            "tags": {},
            "unique_id": "AROAWMZRL33EYYTV7PFFL"
          },
          "private": "bnVsbA=="
        }
      ]
    },
    {
      "module": "module.blue.module.iam_instance_profile",
      "mode": "managed",
      "type": "aws_iam_role_policy",
      "name": "iam_role_policy",
      "provider": "provider[\"registry.terraform.io/hashicorp/aws\"]",
      "instances": [
        {
          "schema_version": 0,
          "attributes": {
            "id": "terraform-20201005001927229500000001:terraform-20201005001928531400000005",
            "name": "terraform-20201005001928531400000005",
            "name_prefix": null,
            "policy": "{\n  \"Version\": \"2012-10-17\",\n  \"Statement\": [\n    {\n      \"Sid\": \"\",\n      \"Effect\": \"Allow\",\n      \"Action\": \"logs:*\",\n      \"Resource\": \"*\"\n    }\n  ]\n}",
            "role": "terraform-20201005001927229500000001"
          },
          "private": "bnVsbA==",
          "dependencies": [
            "module.blue.module.iam_instance_profile.aws_iam_role.iam_role",
            "module.blue.module.iam_instance_profile.data.aws_iam_policy_document.iam_policy_document"
          ]
        }
      ]
    },
    {
      "module": "module.green",
      "mode": "data",
      "type": "aws_ami",
      "name": "ubuntu",
      "provider": "provider[\"registry.terraform.io/hashicorp/aws\"]",
      "instances": [
        {
          "schema_version": 0,
          "attributes": {
            "architecture": "x86_64",
            "arn": "arn:aws:ec2:us-west-2::image/ami-0c1ab2d66f996cd4b",
            "block_device_mappings": [
              {
                "device_name": "/dev/sda1",
                "ebs": {
                  "delete_on_termination": "true",
                  "encrypted": "false",
                  "iops": "0",
                  "snapshot_id": "snap-0886751d100ae75f1",
                  "volume_size": "8",
                  "volume_type": "gp2"
                },
                "no_device": "",
                "virtual_name": ""
              },
              {
                "device_name": "/dev/sdb",
                "ebs": {},
                "no_device": "",
                "virtual_name": "ephemeral0"
              },
              {
                "device_name": "/dev/sdc",
                "ebs": {},
                "no_device": "",
                "virtual_name": "ephemeral1"
              }
            ],
            "creation_date": "2020-09-23T23:12:12.000Z",
            "description": "Canonical, Ubuntu, 18.04 LTS, amd64 bionic image build on 2020-09-23",
            "executable_users": null,
            "filter": [
              {
                "name": "name",
                "values": [
                  "ubuntu/images/hvm-ssd/ubuntu-bionic-18.04-amd64-server-*"
                ]
              }
            ],
            "hypervisor": "xen",
            "id": "ami-0c1ab2d66f996cd4b",
            "image_id": "ami-0c1ab2d66f996cd4b",
            "image_location": "099720109477/ubuntu/images/hvm-ssd/ubuntu-bionic-18.04-amd64-server-20200923",
            "image_owner_alias": null,
            "image_type": "machine",
            "kernel_id": null,
            "most_recent": true,
            "name": "ubuntu/images/hvm-ssd/ubuntu-bionic-18.04-amd64-server-20200923",
            "name_regex": null,
            "owner_id": "099720109477",
            "owners": [
              "099720109477"
            ],
            "platform": null,
            "product_codes": [],
            "public": true,
            "ramdisk_id": null,
            "root_device_name": "/dev/sda1",
            "root_device_type": "ebs",
            "root_snapshot_id": "snap-0886751d100ae75f1",
            "sriov_net_support": "simple",
            "state": "available",
            "state_reason": {
              "code": "UNSET",
              "message": "UNSET"
            },
            "tags": {},
            "virtualization_type": "hvm"
          }
        }
      ]
    },
    {
      "module": "module.green",
      "mode": "managed",
      "type": "aws_autoscaling_group",
      "name": "webserver",
      "provider": "provider[\"registry.terraform.io/hashicorp/aws\"]",
      "instances": [
        {
          "schema_version": 0,
          "attributes": {
            "arn": "arn:aws:autoscaling:us-west-2:439800815305:autoScalingGroup:bb9e7f42-5428-4fe2-b869-1db060d14669:autoScalingGroupName/blue-green-dcelfqiaowmzt-green-asg",
            "availability_zones": [
              "us-west-2a",
              "us-west-2b",
              "us-west-2c"
            ],
            "default_cooldown": 300,
            "desired_capacity": 3,
            "enabled_metrics": [],
            "force_delete": false,
            "health_check_grace_period": 300,
            "health_check_type": "EC2",
            "id": "blue-green-dcelfqiaowmzt-green-asg",
            "initial_lifecycle_hook": [],
            "launch_configuration": "",
            "launch_template": [
              {
                "id": "lt-01e0a8bcd8e35d216",
                "name": "blue-green-dcelfqiaowmzt2020100500222167390000000b",
                "version": "1"
              }
            ],
            "load_balancers": [],
            "max_instance_lifetime": 0,
            "max_size": 3,
            "metrics_granularity": "1Minute",
            "min_elb_capacity": null,
            "min_size": 3,
            "mixed_instances_policy": [],
            "name": "blue-green-dcelfqiaowmzt-green-asg",
            "name_prefix": null,
            "placement_group": "",
            "protect_from_scale_in": false,
            "service_linked_role_arn": "arn:aws:iam::439800815305:role/aws-service-role/autoscaling.amazonaws.com/AWSServiceRoleForAutoScaling",
            "suspended_processes": [],
            "tag": [
              {
                "key": "Name",
                "propagate_at_launch": true,
                "value": "blue-green-dcelfqiaowmzt-green"
              },
              {
                "key": "ResourceGroup",
                "propagate_at_launch": true,
                "value": "blue-green-dcelfqiaowmzt"
              }
            ],
            "tags": null,
            "target_group_arns": [
              "arn:aws:elasticloadbalancing:us-west-2:439800815305:targetgroup/blue-green-dcelfqiaowmzt-green/2b44e8ccd83ac8af"
            ],
            "termination_policies": [],
            "timeouts": null,
            "vpc_zone_identifier": [
              "subnet-07d0e355cd4655c9a",
              "subnet-09703c6f9e5c52a39",
              "subnet-09cbeb85d2db4b59c"
            ],
            "wait_for_capacity_timeout": "10m",
            "wait_for_elb_capacity": null
          },
          "private": "eyJlMmJmYjczMC1lY2FhLTExZTYtOGY4OC0zNDM2M2JjN2M0YzAiOnsiZGVsZXRlIjo2MDAwMDAwMDAwMDB9fQ==",
          "dependencies": [
            "module.base.aws_lb.lb",
            "module.base.aws_lb_listener.lb_listener",
            "module.base.aws_lb_listener_rule.lb_listener_rule",
            "module.base.aws_lb_target_group.blue_target_group",
            "module.base.aws_lb_target_group.green_target_group",
            "module.base.aws_resourcegroups_group.resourcegroups_group",
            "module.base.data.aws_availability_zones.available",
            "module.base.module.lb_sg.aws_security_group.security_group",
            "module.base.module.vpc.aws_db_subnet_group.database",
            "module.base.module.vpc.aws_default_network_acl.this",
            "module.base.module.vpc.aws_default_vpc.this",
            "module.base.module.vpc.aws_egress_only_internet_gateway.this",
            "module.base.module.vpc.aws_eip.nat",
            "module.base.module.vpc.aws_elasticache_subnet_group.elasticache",
            "module.base.module.vpc.aws_internet_gateway.this",
            "module.base.module.vpc.aws_nat_gateway.this",
            "module.base.module.vpc.aws_network_acl.database",
            "module.base.module.vpc.aws_network_acl.elasticache",
            "module.base.module.vpc.aws_network_acl.intra",
            "module.base.module.vpc.aws_network_acl.private",
            "module.base.module.vpc.aws_network_acl.public",
            "module.base.module.vpc.aws_network_acl.redshift",
            "module.base.module.vpc.aws_network_acl_rule.database_inbound",
            "module.base.module.vpc.aws_network_acl_rule.database_outbound",
            "module.base.module.vpc.aws_network_acl_rule.elasticache_inbound",
            "module.base.module.vpc.aws_network_acl_rule.elasticache_outbound",
            "module.base.module.vpc.aws_network_acl_rule.intra_inbound",
            "module.base.module.vpc.aws_network_acl_rule.intra_outbound",
            "module.base.module.vpc.aws_network_acl_rule.private_inbound",
            "module.base.module.vpc.aws_network_acl_rule.private_outbound",
            "module.base.module.vpc.aws_network_acl_rule.public_inbound",
            "module.base.module.vpc.aws_network_acl_rule.public_outbound",
            "module.base.module.vpc.aws_network_acl_rule.redshift_inbound",
            "module.base.module.vpc.aws_network_acl_rule.redshift_outbound",
            "module.base.module.vpc.aws_redshift_subnet_group.redshift",
            "module.base.module.vpc.aws_route.database_internet_gateway",
            "module.base.module.vpc.aws_route.database_ipv6_egress",
            "module.base.module.vpc.aws_route.database_nat_gateway",
            "module.base.module.vpc.aws_route.private_ipv6_egress",
            "module.base.module.vpc.aws_route.private_nat_gateway",
            "module.base.module.vpc.aws_route.public_internet_gateway",
            "module.base.module.vpc.aws_route.public_internet_gateway_ipv6",
            "module.base.module.vpc.aws_route_table.database",
            "module.base.module.vpc.aws_route_table.elasticache",
            "module.base.module.vpc.aws_route_table.intra",
            "module.base.module.vpc.aws_route_table.private",
            "module.base.module.vpc.aws_route_table.public",
            "module.base.module.vpc.aws_route_table.redshift",
            "module.base.module.vpc.aws_route_table_association.database",
            "module.base.module.vpc.aws_route_table_association.elasticache",
            "module.base.module.vpc.aws_route_table_association.intra",
            "module.base.module.vpc.aws_route_table_association.private",
            "module.base.module.vpc.aws_route_table_association.public",
            "module.base.module.vpc.aws_route_table_association.redshift",
            "module.base.module.vpc.aws_route_table_association.redshift_public",
            "module.base.module.vpc.aws_subnet.database",
            "module.base.module.vpc.aws_subnet.elasticache",
            "module.base.module.vpc.aws_subnet.intra",
            "module.base.module.vpc.aws_subnet.private",
            "module.base.module.vpc.aws_subnet.public",
            "module.base.module.vpc.aws_subnet.redshift",
            "module.base.module.vpc.aws_vpc.this",
            "module.base.module.vpc.aws_vpc_dhcp_options.this",
            "module.base.module.vpc.aws_vpc_dhcp_options_association.this",
            "module.base.module.vpc.aws_vpc_endpoint.apigw",
            "module.base.module.vpc.aws_vpc_endpoint.appmesh_envoy_management",
            "module.base.module.vpc.aws_vpc_endpoint.appstream",
            "module.base.module.vpc.aws_vpc_endpoint.athena",
            "module.base.module.vpc.aws_vpc_endpoint.cloudformation",
            "module.base.module.vpc.aws_vpc_endpoint.cloudtrail",
            "module.base.module.vpc.aws_vpc_endpoint.codebuild",
            "module.base.module.vpc.aws_vpc_endpoint.codecommit",
            "module.base.module.vpc.aws_vpc_endpoint.codepipeline",
            "module.base.module.vpc.aws_vpc_endpoint.config",
            "module.base.module.vpc.aws_vpc_endpoint.dynamodb",
            "module.base.module.vpc.aws_vpc_endpoint.ec2",
            "module.base.module.vpc.aws_vpc_endpoint.ec2messages",
            "module.base.module.vpc.aws_vpc_endpoint.ecr_api",
            "module.base.module.vpc.aws_vpc_endpoint.ecr_dkr",
            "module.base.module.vpc.aws_vpc_endpoint.ecs",
            "module.base.module.vpc.aws_vpc_endpoint.ecs_agent",
            "module.base.module.vpc.aws_vpc_endpoint.ecs_telemetry",
            "module.base.module.vpc.aws_vpc_endpoint.elasticloadbalancing",
            "module.base.module.vpc.aws_vpc_endpoint.events",
            "module.base.module.vpc.aws_vpc_endpoint.git_codecommit",
            "module.base.module.vpc.aws_vpc_endpoint.glue",
            "module.base.module.vpc.aws_vpc_endpoint.kinesis_firehose",
            "module.base.module.vpc.aws_vpc_endpoint.kinesis_streams",
            "module.base.module.vpc.aws_vpc_endpoint.kms",
            "module.base.module.vpc.aws_vpc_endpoint.logs",
            "module.base.module.vpc.aws_vpc_endpoint.monitoring",
            "module.base.module.vpc.aws_vpc_endpoint.rekognition",
            "module.base.module.vpc.aws_vpc_endpoint.s3",
            "module.base.module.vpc.aws_vpc_endpoint.sagemaker_api",
            "module.base.module.vpc.aws_vpc_endpoint.sagemaker_notebook",
            "module.base.module.vpc.aws_vpc_endpoint.sagemaker_runtime",
            "module.base.module.vpc.aws_vpc_endpoint.secretsmanager",
            "module.base.module.vpc.aws_vpc_endpoint.servicecatalog",
            "module.base.module.vpc.aws_vpc_endpoint.sns",
            "module.base.module.vpc.aws_vpc_endpoint.sqs",
            "module.base.module.vpc.aws_vpc_endpoint.ssm",
            "module.base.module.vpc.aws_vpc_endpoint.ssmmessages",
            "module.base.module.vpc.aws_vpc_endpoint.storagegateway",
            "module.base.module.vpc.aws_vpc_endpoint.sts",
            "module.base.module.vpc.aws_vpc_endpoint.transfer",
            "module.base.module.vpc.aws_vpc_endpoint.transferserver",
            "module.base.module.vpc.aws_vpc_endpoint_route_table_association.intra_dynamodb",
            "module.base.module.vpc.aws_vpc_endpoint_route_table_association.intra_s3",
            "module.base.module.vpc.aws_vpc_endpoint_route_table_association.private_dynamodb",
            "module.base.module.vpc.aws_vpc_endpoint_route_table_association.private_s3",
            "module.base.module.vpc.aws_vpc_endpoint_route_table_association.public_dynamodb",
            "module.base.module.vpc.aws_vpc_endpoint_route_table_association.public_s3",
            "module.base.module.vpc.aws_vpc_ipv4_cidr_block_association.this",
            "module.base.module.vpc.aws_vpn_gateway.this",
            "module.base.module.vpc.aws_vpn_gateway_attachment.this",
            "module.base.module.vpc.aws_vpn_gateway_route_propagation.private",
            "module.base.module.vpc.aws_vpn_gateway_route_propagation.public",
            "module.base.module.vpc.data.aws_vpc_endpoint_service.apigw",
            "module.base.module.vpc.data.aws_vpc_endpoint_service.appmesh_envoy_management",
            "module.base.module.vpc.data.aws_vpc_endpoint_service.appstream",
            "module.base.module.vpc.data.aws_vpc_endpoint_service.athena",
            "module.base.module.vpc.data.aws_vpc_endpoint_service.cloudformation",
            "module.base.module.vpc.data.aws_vpc_endpoint_service.cloudtrail",
            "module.base.module.vpc.data.aws_vpc_endpoint_service.codebuild",
            "module.base.module.vpc.data.aws_vpc_endpoint_service.codecommit",
            "module.base.module.vpc.data.aws_vpc_endpoint_service.codepipeline",
            "module.base.module.vpc.data.aws_vpc_endpoint_service.config",
            "module.base.module.vpc.data.aws_vpc_endpoint_service.dynamodb",
            "module.base.module.vpc.data.aws_vpc_endpoint_service.ec2",
            "module.base.module.vpc.data.aws_vpc_endpoint_service.ec2messages",
            "module.base.module.vpc.data.aws_vpc_endpoint_service.ecr_api",
            "module.base.module.vpc.data.aws_vpc_endpoint_service.ecr_dkr",
            "module.base.module.vpc.data.aws_vpc_endpoint_service.ecs",
            "module.base.module.vpc.data.aws_vpc_endpoint_service.ecs_agent",
            "module.base.module.vpc.data.aws_vpc_endpoint_service.ecs_telemetry",
            "module.base.module.vpc.data.aws_vpc_endpoint_service.elasticloadbalancing",
            "module.base.module.vpc.data.aws_vpc_endpoint_service.events",
            "module.base.module.vpc.data.aws_vpc_endpoint_service.git_codecommit",
            "module.base.module.vpc.data.aws_vpc_endpoint_service.glue",
            "module.base.module.vpc.data.aws_vpc_endpoint_service.kinesis_firehose",
            "module.base.module.vpc.data.aws_vpc_endpoint_service.kinesis_streams",
            "module.base.module.vpc.data.aws_vpc_endpoint_service.kms",
            "module.base.module.vpc.data.aws_vpc_endpoint_service.logs",
            "module.base.module.vpc.data.aws_vpc_endpoint_service.monitoring",
            "module.base.module.vpc.data.aws_vpc_endpoint_service.rekognition",
            "module.base.module.vpc.data.aws_vpc_endpoint_service.s3",
            "module.base.module.vpc.data.aws_vpc_endpoint_service.sagemaker_api",
            "module.base.module.vpc.data.aws_vpc_endpoint_service.sagemaker_notebook",
            "module.base.module.vpc.data.aws_vpc_endpoint_service.sagemaker_runtime",
            "module.base.module.vpc.data.aws_vpc_endpoint_service.secretsmanager",
            "module.base.module.vpc.data.aws_vpc_endpoint_service.servicecatalog",
            "module.base.module.vpc.data.aws_vpc_endpoint_service.sns",
            "module.base.module.vpc.data.aws_vpc_endpoint_service.sqs",
            "module.base.module.vpc.data.aws_vpc_endpoint_service.ssm",
            "module.base.module.vpc.data.aws_vpc_endpoint_service.ssmmessages",
            "module.base.module.vpc.data.aws_vpc_endpoint_service.storagegateway",
            "module.base.module.vpc.data.aws_vpc_endpoint_service.sts",
            "module.base.module.vpc.data.aws_vpc_endpoint_service.transfer",
            "module.base.module.vpc.data.aws_vpc_endpoint_service.transferserver",
            "module.base.module.webserver_sg.aws_security_group.security_group",
            "module.base.random_string.rand",
            "module.green.aws_launch_template.webserver",
            "module.green.data.aws_ami.ubuntu",
            "module.green.module.iam_instance_profile.aws_iam_instance_profile.iam_instance_profile",
            "module.green.module.iam_instance_profile.aws_iam_role.iam_role"
          ]
        }
      ]
    },
    {
      "module": "module.green",
      "mode": "managed",
      "type": "aws_launch_template",
      "name": "webserver",
      "provider": "provider[\"registry.terraform.io/hashicorp/aws\"]",
      "instances": [
        {
          "schema_version": 0,
          "attributes": {
            "arn": "arn:aws:ec2:us-west-2:439800815305:launch-template/lt-01e0a8bcd8e35d216",
            "block_device_mappings": [],
            "capacity_reservation_specification": [],
            "cpu_options": [],
            "credit_specification": [],
            "default_version": 1,
            "description": "",
            "disable_api_termination": false,
            "ebs_optimized": "",
            "elastic_gpu_specifications": [],
            "elastic_inference_accelerator": [],
            "hibernation_options": [],
            "iam_instance_profile": [
              {
                "arn": "",
                "name": "terraform-20201005001928426300000004"
              }
            ],
            "id": "lt-01e0a8bcd8e35d216",
            "image_id": "ami-0c1ab2d66f996cd4b",
            "instance_initiated_shutdown_behavior": "",
            "instance_market_options": [],
            "instance_type": "t3.micro",
            "kernel_id": "",
            "key_name": "",
            "latest_version": 1,
            "license_specification": [],
            "metadata_options": [],
            "monitoring": [],
            "name": "blue-green-dcelfqiaowmzt2020100500222167390000000b",
            "name_prefix": "blue-green-dcelfqiaowmzt",
            "network_interfaces": [],
            "placement": [],
            "ram_disk_id": "",
            "security_group_names": [],
            "tag_specifications": [],
            "tags": {
              "ResourceGroup": "blue-green-dcelfqiaowmzt"
            },
            "update_default_version": null,
            "user_data": "IyEvYmluL2Jhc2ggCm1rZGlyIC1wIC92YXIvd3d3ICYmIGNkIC92YXIvd3d3CnN1ZG8gdGVlIC92YXIvd3d3L2luZGV4Lmh0bWwgPiAvZGV2L251bGwgPDxFT0YKPCFET0NUWVBFIGh0bWw+CjxodG1sPgo8c3R5bGU+CiAgICBib2R5IHsKICAgICAgICBiYWNrZ3JvdW5kLWNvbG9yOiBncmVlbjsKICAgICAgICBjb2xvcjogd2hpdGU7CiAgICB9Cjwvc3R5bGU+Cgo8Ym9keT4KICAgIDxoMT5ncmVlbi12MS4wPC9oMT4KPC9ib2R5PgoKPC9odG1sPgpFT0YKcHl0aG9uMyAtbSBodHRwLnNlcnZlciA4MDgw",
            "vpc_security_group_ids": [
              "sg-06d40bc6a3b60a577"
            ]
          },
          "private": "bnVsbA==",
          "dependencies": [
            "module.base.aws_lb.lb",
            "module.base.aws_lb_listener.lb_listener",
            "module.base.aws_lb_listener_rule.lb_listener_rule",
            "module.base.aws_lb_target_group.blue_target_group",
            "module.base.aws_lb_target_group.green_target_group",
            "module.base.aws_resourcegroups_group.resourcegroups_group",
            "module.base.data.aws_availability_zones.available",
            "module.base.module.lb_sg.aws_security_group.security_group",
            "module.base.module.vpc.aws_db_subnet_group.database",
            "module.base.module.vpc.aws_default_network_acl.this",
            "module.base.module.vpc.aws_default_vpc.this",
            "module.base.module.vpc.aws_egress_only_internet_gateway.this",
            "module.base.module.vpc.aws_eip.nat",
            "module.base.module.vpc.aws_elasticache_subnet_group.elasticache",
            "module.base.module.vpc.aws_internet_gateway.this",
            "module.base.module.vpc.aws_nat_gateway.this",
            "module.base.module.vpc.aws_network_acl.database",
            "module.base.module.vpc.aws_network_acl.elasticache",
            "module.base.module.vpc.aws_network_acl.intra",
            "module.base.module.vpc.aws_network_acl.private",
            "module.base.module.vpc.aws_network_acl.public",
            "module.base.module.vpc.aws_network_acl.redshift",
            "module.base.module.vpc.aws_network_acl_rule.database_inbound",
            "module.base.module.vpc.aws_network_acl_rule.database_outbound",
            "module.base.module.vpc.aws_network_acl_rule.elasticache_inbound",
            "module.base.module.vpc.aws_network_acl_rule.elasticache_outbound",
            "module.base.module.vpc.aws_network_acl_rule.intra_inbound",
            "module.base.module.vpc.aws_network_acl_rule.intra_outbound",
            "module.base.module.vpc.aws_network_acl_rule.private_inbound",
            "module.base.module.vpc.aws_network_acl_rule.private_outbound",
            "module.base.module.vpc.aws_network_acl_rule.public_inbound",
            "module.base.module.vpc.aws_network_acl_rule.public_outbound",
            "module.base.module.vpc.aws_network_acl_rule.redshift_inbound",
            "module.base.module.vpc.aws_network_acl_rule.redshift_outbound",
            "module.base.module.vpc.aws_redshift_subnet_group.redshift",
            "module.base.module.vpc.aws_route.database_internet_gateway",
            "module.base.module.vpc.aws_route.database_ipv6_egress",
            "module.base.module.vpc.aws_route.database_nat_gateway",
            "module.base.module.vpc.aws_route.private_ipv6_egress",
            "module.base.module.vpc.aws_route.private_nat_gateway",
            "module.base.module.vpc.aws_route.public_internet_gateway",
            "module.base.module.vpc.aws_route.public_internet_gateway_ipv6",
            "module.base.module.vpc.aws_route_table.database",
            "module.base.module.vpc.aws_route_table.elasticache",
            "module.base.module.vpc.aws_route_table.intra",
            "module.base.module.vpc.aws_route_table.private",
            "module.base.module.vpc.aws_route_table.public",
            "module.base.module.vpc.aws_route_table.redshift",
            "module.base.module.vpc.aws_route_table_association.database",
            "module.base.module.vpc.aws_route_table_association.elasticache",
            "module.base.module.vpc.aws_route_table_association.intra",
            "module.base.module.vpc.aws_route_table_association.private",
            "module.base.module.vpc.aws_route_table_association.public",
            "module.base.module.vpc.aws_route_table_association.redshift",
            "module.base.module.vpc.aws_route_table_association.redshift_public",
            "module.base.module.vpc.aws_subnet.database",
            "module.base.module.vpc.aws_subnet.elasticache",
            "module.base.module.vpc.aws_subnet.intra",
            "module.base.module.vpc.aws_subnet.private",
            "module.base.module.vpc.aws_subnet.public",
            "module.base.module.vpc.aws_subnet.redshift",
            "module.base.module.vpc.aws_vpc.this",
            "module.base.module.vpc.aws_vpc_dhcp_options.this",
            "module.base.module.vpc.aws_vpc_dhcp_options_association.this",
            "module.base.module.vpc.aws_vpc_endpoint.apigw",
            "module.base.module.vpc.aws_vpc_endpoint.appmesh_envoy_management",
            "module.base.module.vpc.aws_vpc_endpoint.appstream",
            "module.base.module.vpc.aws_vpc_endpoint.athena",
            "module.base.module.vpc.aws_vpc_endpoint.cloudformation",
            "module.base.module.vpc.aws_vpc_endpoint.cloudtrail",
            "module.base.module.vpc.aws_vpc_endpoint.codebuild",
            "module.base.module.vpc.aws_vpc_endpoint.codecommit",
            "module.base.module.vpc.aws_vpc_endpoint.codepipeline",
            "module.base.module.vpc.aws_vpc_endpoint.config",
            "module.base.module.vpc.aws_vpc_endpoint.dynamodb",
            "module.base.module.vpc.aws_vpc_endpoint.ec2",
            "module.base.module.vpc.aws_vpc_endpoint.ec2messages",
            "module.base.module.vpc.aws_vpc_endpoint.ecr_api",
            "module.base.module.vpc.aws_vpc_endpoint.ecr_dkr",
            "module.base.module.vpc.aws_vpc_endpoint.ecs",
            "module.base.module.vpc.aws_vpc_endpoint.ecs_agent",
            "module.base.module.vpc.aws_vpc_endpoint.ecs_telemetry",
            "module.base.module.vpc.aws_vpc_endpoint.elasticloadbalancing",
            "module.base.module.vpc.aws_vpc_endpoint.events",
            "module.base.module.vpc.aws_vpc_endpoint.git_codecommit",
            "module.base.module.vpc.aws_vpc_endpoint.glue",
            "module.base.module.vpc.aws_vpc_endpoint.kinesis_firehose",
            "module.base.module.vpc.aws_vpc_endpoint.kinesis_streams",
            "module.base.module.vpc.aws_vpc_endpoint.kms",
            "module.base.module.vpc.aws_vpc_endpoint.logs",
            "module.base.module.vpc.aws_vpc_endpoint.monitoring",
            "module.base.module.vpc.aws_vpc_endpoint.rekognition",
            "module.base.module.vpc.aws_vpc_endpoint.s3",
            "module.base.module.vpc.aws_vpc_endpoint.sagemaker_api",
            "module.base.module.vpc.aws_vpc_endpoint.sagemaker_notebook",
            "module.base.module.vpc.aws_vpc_endpoint.sagemaker_runtime",
            "module.base.module.vpc.aws_vpc_endpoint.secretsmanager",
            "module.base.module.vpc.aws_vpc_endpoint.servicecatalog",
            "module.base.module.vpc.aws_vpc_endpoint.sns",
            "module.base.module.vpc.aws_vpc_endpoint.sqs",
            "module.base.module.vpc.aws_vpc_endpoint.ssm",
            "module.base.module.vpc.aws_vpc_endpoint.ssmmessages",
            "module.base.module.vpc.aws_vpc_endpoint.storagegateway",
            "module.base.module.vpc.aws_vpc_endpoint.sts",
            "module.base.module.vpc.aws_vpc_endpoint.transfer",
            "module.base.module.vpc.aws_vpc_endpoint.transferserver",
            "module.base.module.vpc.aws_vpc_endpoint_route_table_association.intra_dynamodb",
            "module.base.module.vpc.aws_vpc_endpoint_route_table_association.intra_s3",
            "module.base.module.vpc.aws_vpc_endpoint_route_table_association.private_dynamodb",
            "module.base.module.vpc.aws_vpc_endpoint_route_table_association.private_s3",
            "module.base.module.vpc.aws_vpc_endpoint_route_table_association.public_dynamodb",
            "module.base.module.vpc.aws_vpc_endpoint_route_table_association.public_s3",
            "module.base.module.vpc.aws_vpc_ipv4_cidr_block_association.this",
            "module.base.module.vpc.aws_vpn_gateway.this",
            "module.base.module.vpc.aws_vpn_gateway_attachment.this",
            "module.base.module.vpc.aws_vpn_gateway_route_propagation.private",
            "module.base.module.vpc.aws_vpn_gateway_route_propagation.public",
            "module.base.module.vpc.data.aws_vpc_endpoint_service.apigw",
            "module.base.module.vpc.data.aws_vpc_endpoint_service.appmesh_envoy_management",
            "module.base.module.vpc.data.aws_vpc_endpoint_service.appstream",
            "module.base.module.vpc.data.aws_vpc_endpoint_service.athena",
            "module.base.module.vpc.data.aws_vpc_endpoint_service.cloudformation",
            "module.base.module.vpc.data.aws_vpc_endpoint_service.cloudtrail",
            "module.base.module.vpc.data.aws_vpc_endpoint_service.codebuild",
            "module.base.module.vpc.data.aws_vpc_endpoint_service.codecommit",
            "module.base.module.vpc.data.aws_vpc_endpoint_service.codepipeline",
            "module.base.module.vpc.data.aws_vpc_endpoint_service.config",
            "module.base.module.vpc.data.aws_vpc_endpoint_service.dynamodb",
            "module.base.module.vpc.data.aws_vpc_endpoint_service.ec2",
            "module.base.module.vpc.data.aws_vpc_endpoint_service.ec2messages",
            "module.base.module.vpc.data.aws_vpc_endpoint_service.ecr_api",
            "module.base.module.vpc.data.aws_vpc_endpoint_service.ecr_dkr",
            "module.base.module.vpc.data.aws_vpc_endpoint_service.ecs",
            "module.base.module.vpc.data.aws_vpc_endpoint_service.ecs_agent",
            "module.base.module.vpc.data.aws_vpc_endpoint_service.ecs_telemetry",
            "module.base.module.vpc.data.aws_vpc_endpoint_service.elasticloadbalancing",
            "module.base.module.vpc.data.aws_vpc_endpoint_service.events",
            "module.base.module.vpc.data.aws_vpc_endpoint_service.git_codecommit",
            "module.base.module.vpc.data.aws_vpc_endpoint_service.glue",
            "module.base.module.vpc.data.aws_vpc_endpoint_service.kinesis_firehose",
            "module.base.module.vpc.data.aws_vpc_endpoint_service.kinesis_streams",
            "module.base.module.vpc.data.aws_vpc_endpoint_service.kms",
            "module.base.module.vpc.data.aws_vpc_endpoint_service.logs",
            "module.base.module.vpc.data.aws_vpc_endpoint_service.monitoring",
            "module.base.module.vpc.data.aws_vpc_endpoint_service.rekognition",
            "module.base.module.vpc.data.aws_vpc_endpoint_service.s3",
            "module.base.module.vpc.data.aws_vpc_endpoint_service.sagemaker_api",
            "module.base.module.vpc.data.aws_vpc_endpoint_service.sagemaker_notebook",
            "module.base.module.vpc.data.aws_vpc_endpoint_service.sagemaker_runtime",
            "module.base.module.vpc.data.aws_vpc_endpoint_service.secretsmanager",
            "module.base.module.vpc.data.aws_vpc_endpoint_service.servicecatalog",
            "module.base.module.vpc.data.aws_vpc_endpoint_service.sns",
            "module.base.module.vpc.data.aws_vpc_endpoint_service.sqs",
            "module.base.module.vpc.data.aws_vpc_endpoint_service.ssm",
            "module.base.module.vpc.data.aws_vpc_endpoint_service.ssmmessages",
            "module.base.module.vpc.data.aws_vpc_endpoint_service.storagegateway",
            "module.base.module.vpc.data.aws_vpc_endpoint_service.sts",
            "module.base.module.vpc.data.aws_vpc_endpoint_service.transfer",
            "module.base.module.vpc.data.aws_vpc_endpoint_service.transferserver",
            "module.base.module.webserver_sg.aws_security_group.security_group",
            "module.base.random_string.rand",
            "module.green.data.aws_ami.ubuntu",
            "module.green.module.iam_instance_profile.aws_iam_instance_profile.iam_instance_profile",
            "module.green.module.iam_instance_profile.aws_iam_role.iam_role"
          ]
        }
      ]
    },
    {
      "module": "module.green.module.iam_instance_profile",
      "mode": "data",
      "type": "aws_iam_policy_document",
      "name": "iam_policy_document",
      "provider": "provider[\"registry.terraform.io/hashicorp/aws\"]",
      "instances": [
        {
          "schema_version": 0,
          "attributes": {
            "id": "2841852350",
            "json": "{\n  \"Version\": \"2012-10-17\",\n  \"Statement\": [\n    {\n      \"Sid\": \"\",\n      \"Effect\": \"Allow\",\n      \"Action\": \"logs:*\",\n      \"Resource\": \"*\"\n    }\n  ]\n}",
            "override_json": null,
            "policy_id": null,
            "source_json": null,
            "statement": [
              {
                "actions": [
                  "logs:*"
                ],
                "condition": [],
                "effect": "Allow",
                "not_actions": [],
                "not_principals": [],
                "not_resources": [],
                "principals": [],
                "resources": [
                  "*"
                ],
                "sid": ""
              }
            ],
            "version": "2012-10-17"
          }
        }
      ]
    },
    {
      "module": "module.green.module.iam_instance_profile",
      "mode": "managed",
      "type": "aws_iam_instance_profile",
      "name": "iam_instance_profile",
      "provider": "provider[\"registry.terraform.io/hashicorp/aws\"]",
      "instances": [
        {
          "schema_version": 0,
          "attributes": {
            "arn": "arn:aws:iam::439800815305:instance-profile/terraform-20201005001928426300000004",
            "create_date": "2020-10-05T00:19:28Z",
            "id": "terraform-20201005001928426300000004",
            "name": "terraform-20201005001928426300000004",
            "name_prefix": null,
            "path": "/",
            "role": "terraform-20201005001927237500000002",
            "unique_id": "AIPAWMZRL33EVT4CM3MCH"
          },
          "private": "bnVsbA==",
          "dependencies": [
            "module.green.module.iam_instance_profile.aws_iam_role.iam_role"
          ]
        }
      ]
    },
    {
      "module": "module.green.module.iam_instance_profile",
      "mode": "managed",
      "type": "aws_iam_role",
      "name": "iam_role",
      "provider": "provider[\"registry.terraform.io/hashicorp/aws\"]",
      "instances": [
        {
          "schema_version": 0,
          "attributes": {
            "arn": "arn:aws:iam::439800815305:role/terraform-20201005001927237500000002",
            "assume_role_policy": "{\"Version\":\"2012-10-17\",\"Statement\":[{\"Effect\":\"Allow\",\"Principal\":{\"Service\":\"ec2.amazonaws.com\"},\"Action\":\"sts:AssumeRole\"}]}",
            "create_date": "2020-10-05T00:19:27Z",
            "description": "",
            "force_detach_policies": false,
            "id": "terraform-20201005001927237500000002",
            "max_session_duration": 3600,
            "name": "terraform-20201005001927237500000002",
            "name_prefix": null,
            "path": "/",
            "permissions_boundary": null,
            "tags": {},
            "unique_id": "AROAWMZRL33E4RDOA46ZB"
          },
          "private": "bnVsbA=="
        }
      ]
    },
    {
      "module": "module.green.module.iam_instance_profile",
      "mode": "managed",
      "type": "aws_iam_role_policy",
      "name": "iam_role_policy",
      "provider": "provider[\"registry.terraform.io/hashicorp/aws\"]",
      "instances": [
        {
          "schema_version": 0,
          "attributes": {
            "id": "terraform-20201005001927237500000002:terraform-20201005001928425500000003",
            "name": "terraform-20201005001928425500000003",
            "name_prefix": null,
            "policy": "{\n  \"Version\": \"2012-10-17\",\n  \"Statement\": [\n    {\n      \"Sid\": \"\",\n      \"Effect\": \"Allow\",\n      \"Action\": \"logs:*\",\n      \"Resource\": \"*\"\n    }\n  ]\n}",
            "role": "terraform-20201005001927237500000002"
          },
          "private": "bnVsbA==",
          "dependencies": [
            "module.green.module.iam_instance_profile.aws_iam_role.iam_role",
            "module.green.module.iam_instance_profile.data.aws_iam_policy_document.iam_policy_document"
          ]
        }
      ]
    }
  ]
}
